{
  "version": 4,
  "terraform_version": "1.12.2",
  "serial": 26,
  "lineage": "ee71fd73-65d1-795f-c15b-7efba337c8cf",
  "outputs": {
    "aks_cluster_name": {
      "value": "aks-team4",
      "type": "string"
    },
    "ingress_service_ip": {
      "value": "4.178.11.155",
      "type": "string"
    }
  },
  "resources": [
    {
      "mode": "data",
      "type": "kubernetes_service",
      "name": "nginx_lb",
      "provider": "provider[\"registry.terraform.io/hashicorp/kubernetes\"]",
      "instances": [
        {
          "schema_version": 0,
          "attributes": {
            "id": "ingress-nginx/ingress-nginx-controller",
            "metadata": [
              {
                "annotations": {
                  "meta.helm.sh/release-name": "ingress-nginx",
                  "meta.helm.sh/release-namespace": "ingress-nginx"
                },
                "generation": 0,
                "labels": {
                  "app.kubernetes.io/component": "controller",
                  "app.kubernetes.io/instance": "ingress-nginx",
                  "app.kubernetes.io/managed-by": "Helm",
                  "app.kubernetes.io/name": "ingress-nginx",
                  "app.kubernetes.io/part-of": "ingress-nginx",
                  "app.kubernetes.io/version": "1.14.0",
                  "helm.sh/chart": "ingress-nginx-4.14.0"
                },
                "name": "ingress-nginx-controller",
                "namespace": "ingress-nginx",
                "resource_version": "2235",
                "uid": "43e4e666-a8c6-4db0-a884-2b4bb11efbb9"
              }
            ],
            "spec": [
              {
                "allocate_load_balancer_node_ports": true,
                "cluster_ip": "10.0.183.19",
                "cluster_ips": [
                  "10.0.183.19"
                ],
                "external_ips": [],
                "external_name": "",
                "external_traffic_policy": "Cluster",
                "health_check_node_port": 0,
                "internal_traffic_policy": "Cluster",
                "ip_families": [
                  "IPv4"
                ],
                "ip_family_policy": "SingleStack",
                "load_balancer_class": "",
                "load_balancer_ip": "",
                "load_balancer_source_ranges": [],
                "port": [
                  {
                    "app_protocol": "http",
                    "name": "http",
                    "node_port": 31286,
                    "port": 80,
                    "protocol": "TCP",
                    "target_port": "http"
                  },
                  {
                    "app_protocol": "https",
                    "name": "https",
                    "node_port": 31066,
                    "port": 443,
                    "protocol": "TCP",
                    "target_port": "https"
                  }
                ],
                "publish_not_ready_addresses": false,
                "selector": {
                  "app.kubernetes.io/component": "controller",
                  "app.kubernetes.io/instance": "ingress-nginx",
                  "app.kubernetes.io/name": "ingress-nginx"
                },
                "session_affinity": "None",
                "session_affinity_config": [],
                "type": "LoadBalancer"
              }
            ],
            "status": [
              {
                "load_balancer": [
                  {
                    "ingress": [
                      {
                        "hostname": "",
                        "ip": "4.178.11.155"
                      }
                    ]
                  }
                ]
              }
            ]
          },
          "sensitive_attributes": [],
          "identity_schema_version": 0
        }
      ]
    },
    {
      "mode": "managed",
      "type": "azurerm_kubernetes_cluster",
      "name": "aks",
      "provider": "provider[\"registry.terraform.io/hashicorp/azurerm\"]",
      "instances": [
        {
          "schema_version": 2,
          "attributes": {
            "aci_connector_linux": [],
            "api_server_access_profile": [],
            "api_server_authorized_ip_ranges": [],
            "auto_scaler_profile": [],
            "automatic_channel_upgrade": "",
            "azure_active_directory_role_based_access_control": [],
            "azure_policy_enabled": null,
            "confidential_computing": [],
            "cost_analysis_enabled": false,
            "current_kubernetes_version": "1.32.9",
            "custom_ca_trust_certificates_base64": [],
            "default_node_pool": [
              {
                "capacity_reservation_group_id": "",
                "custom_ca_trust_enabled": false,
                "enable_auto_scaling": false,
                "enable_host_encryption": false,
                "enable_node_public_ip": false,
                "fips_enabled": false,
                "gpu_instance": "",
                "host_group_id": "",
                "kubelet_config": [],
                "kubelet_disk_type": "OS",
                "linux_os_config": [],
                "max_count": 0,
                "max_pods": 110,
                "message_of_the_day": "",
                "min_count": 0,
                "name": "agentpool",
                "node_count": 1,
                "node_labels": {},
                "node_network_profile": [],
                "node_public_ip_prefix_id": "",
                "node_taints": [],
                "only_critical_addons_enabled": false,
                "orchestrator_version": "1.32",
                "os_disk_size_gb": 128,
                "os_disk_type": "Managed",
                "os_sku": "Ubuntu",
                "pod_subnet_id": "",
                "proximity_placement_group_id": "",
                "scale_down_mode": "Delete",
                "snapshot_id": "",
                "tags": {},
                "temporary_name_for_rotation": "",
                "type": "VirtualMachineScaleSets",
                "ultra_ssd_enabled": false,
                "upgrade_settings": [
                  {
                    "drain_timeout_in_minutes": 0,
                    "max_surge": "10%",
                    "node_soak_duration_in_minutes": 0
                  }
                ],
                "vm_size": "Standard_B2s",
                "vnet_subnet_id": "",
                "workload_runtime": "",
                "zones": []
              }
            ],
            "disk_encryption_set_id": "",
            "dns_prefix": "aks-team4-dns",
            "dns_prefix_private_cluster": "",
            "edge_zone": "",
            "enable_pod_security_policy": false,
            "fqdn": "aks-team4-dns-2a6pocpv.hcp.francecentral.azmk8s.io",
            "http_application_routing_enabled": null,
            "http_application_routing_zone_name": null,
            "http_proxy_config": [],
            "id": "/subscriptions/b4905b2b-229e-4615-80e1-498a9ade3695/resourceGroups/aks-rg-teamX/providers/Microsoft.ContainerService/managedClusters/aks-team4",
            "identity": [
              {
                "identity_ids": [],
                "principal_id": "2e7f1d8c-dd66-458e-b28e-8279a767a1e0",
                "tenant_id": "10163a4d-fff6-4802-b752-d335485826ef",
                "type": "SystemAssigned"
              }
            ],
            "image_cleaner_enabled": false,
            "image_cleaner_interval_hours": 48,
            "ingress_application_gateway": [],
            "key_management_service": [],
            "key_vault_secrets_provider": [],
            "kube_admin_config": [],
            "kube_admin_config_raw": "",
            "kube_config": [
              {
                "client_certificate": "LS0tLS1CRUdJTiBDRVJUSUZJQ0FURS0tLS0tCk1JSUZIVENDQXdXZ0F3SUJBZ0lRSXdmRXZLbGUzM3NZcWNkcGs4OXRWREFOQmdrcWhraUc5dzBCQVFzRkFEQU4KTVFzd0NRWURWUVFERXdKallUQWVGdzB5TlRFeE1UY3hNRFU0TWpaYUZ3MHlOekV4TVRjeE1UQTRNalphTURBeApGekFWQmdOVkJBb1REbk41YzNSbGJUcHRZWE4wWlhKek1SVXdFd1lEVlFRREV3eHRZWE4wWlhKamJHbGxiblF3CmdnSWlNQTBHQ1NxR1NJYjNEUUVCQVFVQUE0SUNEd0F3Z2dJS0FvSUNBUURxNnJSOGVpemtSUGc1Lzhzcnc5cjAKTzJrNlVoU2piWGYwU2RaeGUxQXplSWNibk5qWjZ6UjZsdlJmMGhQb3NPdXJsUUxXeHFGUUFSUEpsL1Q3TTZuTQpXUy9TZzJuT2Y2Qk1WM3lqd0c2TmYwREpqT25mcjJTc09uSi9ob2hGSGZRZW0yalB2L1lzTHNsemhWZWpNazRyCkFTOEF1TktHT0JDWFhINjFRLzdxclNyQTlyemRuVlJKMm1jNHBuRU9QdVlCOVk1TTBOYVFEL2RrMHhwUFlZaUoKcFJyLzRxOVNZbFZCVlQ2ZkFTejFhTmFvUW5QL0I3Y2ZOb3FkMWc1L3VPeVFWYlUyU2NiWS9wM1h1ZzBaTkxYYgpqODhaN01VWEFlaHJtdDhpL0YrSGMyWmFFb0FNaWZQamRhNTBxVXVOeU41ZnE3dnAvUEpiWjZqVTBKakM5LzJkCmN1Z0ZMUHZ6UzRFaUljM3pqeWNKMEE1am5GeU5EQ2lPcUR2UjRLL1ZJZVdEUXBsU3ZObTRpRG1SYm1GTkRvTE4KakhOT3hEUm4wa2tOU3JRUVo1WHNQVk5yR2RQbGsrVC9BOGNiM0NxaSt1cDMrbldqVGg0ZUk1VGs3OGlpN1Z1Ywpub3B6TlNZZGl6WS8xU2VjeWNwN2RhVGxZTC9wK0ZVQWRCdWorK0hCRGFmTm9TcDdJbXljSE9iRm9qUGNZUHoxCmcyNHZIN0RWV0hIRzZRQXc0UC9rbTlrMDJYbXlySnNQY0dDeXFkQlpKblFVMUR6REZrbVNucGF1OGZ6c0g3Zk0KaXZwaDBPYVl4VHNGbExjalRMUm1mbnJnbndocUpDM2xsY1FXVzdiMGlXZmRZWjhQWXp1LzNwalhIdXMraEJYdApMSUJwS25QVElyVDZRV1l5UjhmTG5RSURBUUFCbzFZd1ZEQU9CZ05WSFE4QkFmOEVCQU1DQmFBd0V3WURWUjBsCkJBd3dDZ1lJS3dZQkJRVUhBd0l3REFZRFZSMFRBUUgvQkFJd0FEQWZCZ05WSFNNRUdEQVdnQlNiYytyQzQzNlgKYVY4NjZsYUxoTldtUlloMU96QU5CZ2txaGtpRzl3MEJBUXNGQUFPQ0FnRUFTL2FlL0Q3aTlEYjJyRVIxejgrMwo2SU9Na0lqNGZHTXlEdUEvS1dSaHRRaTZCc1Z2cG5tK3REcFNLaHVXSXpKWDhSNi9ISlBLT0lHV25xUFUyZW12CkgvTzVzK2F3MGFLdjQyRGxJNTkrNTBKbzE5T3lwUmNMVnJJUGhKZmQzL0pUSXQrWnpqNXBqWWVDdU1mUllqd0YKSzIzSGxGVDFwOFA3ckp6b0lvd3d6bXAzNGxxR2pJZTg4ZnZpa1Q4RS8vMTNGRE9ZQUkvMWNKOG1MWmVVOXJ6bwpmQWRLK3hMS0VCcld3OFViajNjRnNidVg5aGtpWjdhTTBuWDJTWjdDNk84UnErYUNvYWdONENDa25tdXFGTjNKCmNsR0pMRDVUTm1ZNDdXOStIRE5jSTRtYkZFL0dwUStuZzZGTUcxQ0lPcFBWUmxadEFYSjExSHFvVzZ5ZXgyZ3IKWTZEQ0RpYkhUaTBZUEsyMHkxelo5elo3eGxXaGFnVWpLN0RtZ1RJMndOMDYvMFpUMlNldncwK3hFbkhIczB5dAp2QjhYMS9pMjNab0s0YjBYU2dUMzNBK0V6Y3JIeHpGeVJleUV4MkZlMXZaclNjUEcxSk1hVnV0SWY0eE9ta1EvCmR3MDQvWGxXbmVNYXZtQnhpVlNFUjVqTWNLRjlFMElQVXNYc01RUE1XOFFmdkc0ZC9Cd2dSQWdjcTh6Y05KRkUKcWtPdm5BZWdHMlRNMnpIcmRaNnFYYzZxTC9aTkRQNGxSbzR0a2NvUDlWckd3Q3ljZjBMZk1DUEovTElFeVdDQQpnaFVJeWRlZWp1VU5QYUVpdWw0RjlndFFiVmtCeWJCdDlFcEFvcExuMFRaSWNqYnV4WXNPeVlCR2lRbytTMDd3CmtnK0lPTXE5VjZXalNaekJHeTJwYktnPQotLS0tLUVORCBDRVJUSUZJQ0FURS0tLS0tCg==",
                "client_key": "LS0tLS1CRUdJTiBSU0EgUFJJVkFURSBLRVktLS0tLQpNSUlKS1FJQkFBS0NBZ0VBNnVxMGZIb3M1RVQ0T2YvTEs4UGE5RHRwT2xJVW8yMTM5RW5XY1h0UU0zaUhHNXpZCjJlczBlcGIwWDlJVDZMRHJxNVVDMXNhaFVBRVR5WmYwK3pPcHpGa3Ywb05wem4rZ1RGZDhvOEJ1alg5QXlZenAKMzY5a3JEcHlmNGFJUlIzMEhwdG96Ny8yTEM3SmM0VlhvekpPS3dFdkFMalNoamdRbDF4K3RVUCs2cTBxd1BhOAozWjFVU2Rwbk9LWnhEajdtQWZXT1RORFdrQS8zWk5NYVQyR0lpYVVhLytLdlVtSlZRVlUrbndFczlXaldxRUp6Ci93ZTNIemFLbmRZT2Y3anNrRlcxTmtuRzJQNmQxN29OR1RTMTI0L1BHZXpGRndIb2E1cmZJdnhmaDNObVdoS0EKREluejQzV3VkS2xMamNqZVg2dTc2Znp5VzJlbzFOQ1l3dmY5blhMb0JTejc4MHVCSWlITjg0OG5DZEFPWTV4YwpqUXdvanFnNzBlQ3YxU0hsZzBLWlVyelp1SWc1a1c1aFRRNkN6WXh6VHNRMFo5SkpEVXEwRUdlVjdEMVRheG5UCjVaUGsvd1BIRzl3cW92cnFkL3AxbzA0ZUhpT1U1Ty9Jb3UxYm5KNktjelVtSFlzMlA5VW5uTW5LZTNXazVXQy8KNmZoVkFIUWJvL3Zod1EybnphRXFleUpzbkJ6bXhhSXozR0Q4OVlOdUx4K3cxVmh4eHVrQU1PRC81SnZaTk5sNQpzcXliRDNCZ3NxblFXU1owRk5ROHd4WkprcDZXcnZIODdCKzN6SXI2WWREbW1NVTdCWlMzSTB5MFpuNTY0SjhJCmFpUXQ1WlhFRmx1MjlJbG4zV0dmRDJNN3Y5NlkxeDdyUG9RVjdTeUFhU3B6MHlLMCtrRm1Na2ZIeTUwQ0F3RUEKQVFLQ0FnQUdKakdtUm41eFZUcllMZEZ3S2xiTGFOaTJ6Wm83c3V4ZWFTWmpYeEo0M25GTzhEcWU3YkM0ZXNZWAowZ1J5WlZzdDZSOGpaeHltM3ZoWklSQ3BHSyticVVQK3N6RHNWbHZvVTZ2d0QyUDFjVHpOYWRKZmFCUnZDN0tlCmt2TnpON2NCckJqQXcyb2F1dmpML05RUDhndW94WVdvODYyVEZObWVWSzMrYWJLOUN0NWhJYlJNNnNiZmpnZUEKcko2dC9FaUNDWjc1ZE1nQkNtSHo4akN3bmtGNE5PbXhoQW9KMG9nZnh5NzE4NDV0T0JyU1diYjJtSW1iR0E3bAoxY29ZWHN0V2RkL2g5V2x1bWEraEMzNDNTREZ3ZDJHNDhJRXlPbnNPZ2dYUVFTSHhCanpLSTh6VlJ6RXFwWlIwCitrOS9mU0FSQ2dwSHREYlYzSzlITHRTbzJkdjZHOGFnMkhFWGhpZldxMFd6NUJTdkQxdW1UeWJNekw5VVZzZEYKb1daeWdUNExoelhIUW1EdTAxb3JsRzV4bCs2eW5GYy9ya3FqamkrcWVjaEgvdEtySHZZd1R0dmlpZGdjbk5WVQp6TUtiN0tDWVNZelo1VE9zamRDWEU4Q25FdkZ5WFY5TEFQcnJhSGRjeElCU0l1VVBpR0JGc2hVaE5OMWoxZlAzCmVEcWo2QmIyVVJuT2NlclUwckkyZkJPMVVMWDZDaFVOVU9rS3BObWk3WmRPcW1zK3hDMDE0WlQwTVZ1THp4TEgKNEQ5a1phNFRMc0pQZlV6eFBOQm56TmMxL1ZyMjNESy9WS2ZZV1pPeU1xUWtzaWtuWm5UN2NKTW5hRkJVcTZoOQpPWkJ2Z1hGa052WG5uUytCa1JmY2tKOUJNWmM4eHRWV2MyV1Z0VFYxYkh6WkNWUW9RUUtDQVFFQTgzTCtwMXZrCnZmaFQ4TitvRDE2Lzc0T3BvSUlIeVlsdmJuT2ZuR3VrcVJVMjR3SzBYK2drMlVzSWo1MWVPVW1zRjBXMUE2Q0MKTWVSRVVZOFZDK1lhaTlqTzhJbGJHMTc0Y3hMak13dUVVa0NqYUFmVHM4WUJqOWlUaFhsc0ZyWlFNdHZENlR5RwpNOWxIQjdJVzBQbkF1WEd1ZWIrOTJCWnZtbVhKSHhYS3dKR2laUFJGRytuYm42QW5jNGNiRzNjSUdhUG1FcDM0ClZhUjdsMXhDYTRDWUtxT29TK1Q0OHNNSzNvdGt2K3loMjFDanI5WUluRFdrWnlXSU1DMGxUanIyS0p0RTRRbDYKeW1SZm1HWnF1czVsOVZubFI5WmxVVk9QdXNLUXBhRGhIVFBDdnREUUpXZVBMR1VVVmdrZ2s1cm9yVkJxQlFVUQpPaWtZR2ZsdVhybE8vUUtDQVFFQTl3Y1o2VDUza25xNnhtYkZtWU5UREdJdnJmRERRZHNzVjNZMW1UMXA1WEdsCnpCc1FEUlFFbXlqa2ppM09aUFhscjdKQ3Z4ekM5UXdlb3puQjl1OEdnQnp0N2xGRmZsSXM3TWtxL2g3TE5JKzYKYjMwd2hMSWg0RmV1Rys0OS9MSVdEZDZIM0JQcDlLN3dCTHdXWkdFTEdvcUFma1RaT3hkSi9hRU1tY2J4VjZCeApOcXdFK0lSSWJuODVDWkFlalFqRFAyVlpHVUhKallxeWVkSnp3cFl0YWgvVDZqT0pqYlllU3lrYWJRVkZSZGhUCmk1ZmNvaWZZdzU2NUwvQ2h6TXM1Y25qWnVYR3NJWHRIc3JIM2tyM1p5MmRJanJHdmkzeU1VMEowSzBmVk5uODMKZFg5TFk5MHVTeXZVQmQ2ak9RUDBKVlhicTI4TFVJaUJpWUJpbG00aElRS0NBUUVBM1B1WVhwQlNqWUo1cDU5TgpiVTVEaVlXSkZ6S1JJUWJKQ0lpWjdLSGxZTG5xRFp4cDROalhnZ3JUSlpIaWNyd0dJMFhhTHdXbXlPVDhndEFQCmViS1FqRHJzZFhrcEl5cE0raCs5N3ByWXJOVVJ2eC9Ec2w3ZEVoYTBxaWJ5ejVjRUszWkRXbGJmTnZkV3U0eVQKbTNQcDFpdDBCZjNmdE9PQXdMVCtJR0ptbmZCVWFiRTFma1lFWHR4QWsyU2pYWVhwNjJSVU5yZ0FNTFZTbnExWAplVC9NWUlBWUIzUTc2aGpUcC9qK0poMEZPdy95MVd6Q2VoRlRQM0haTW1uNGdBK1RYSDY4d2swWmtkZ1Uwa0M5ClJ2Nk5uRzNTYXlnWTVmNms3QkVxdmIzUU9mSy9KdmhpeUdFOW5EM1FmTnhpSHJveDFRaTJoQUg1bmVHcGlBSmIKaGs1TmZRS0NBUUEweXVtNHRVYnNvUm9GaUxVMko2QzZCc25Wekp5T0dIOFRlZ25lWkFlYnAzd2RjTE12ZUZXNwpxek9kUnlEUzV0SmRpQ1ZIbnFmem90RnhaTWlWTTJRYVFSU0FXQklYK3d2cTF0cy9UK2x4cEQzZDBjMXFybjhhCjZPSW15ZldwYVkzWkRQUFFEdGx6RjJmb095STE5WjlmM3JXelJwZCtUMjNhckc1NjlzOWhRTUt4UW5ZVmZuL1UKVFpBdEFRWG1jamIzOTNyaE1QUVlNY29PeXZFK1pzWHg1amR0MS9IUHZWb2dDZnJCemR5T0hydE1HL3BsRlVyNApFNVhVTHdNRk4zRmhpMzVNYVlTMTZ4alprYnN0T3pHdWpMWXUrTDVoZXc2cVJJdDdMSERlb3JXQmdPRGx5TUU2CkEzWGVnMFF5elN1Q1J5VVpNRFFrMCtlTE1VcmdoMHpCQW9JQkFRRGlXSm9pUnI0RmVEVjZWSlptb0J0eXU1VWQKZUV1UFp2NkRhWVYyVzBqbWhZY0JHU1AzaVh0Umx4MXRyNitzWTFJTDlQUVI4cU9QbVlURFhkZDhnNHZGemk5Twp6VExjSFZaVm53S2lxY28yNUhrRG5MVWxJb3VUQTB0L0FlV2E4TDNPZGI0eW0vN3QweXg4N013WmFyaTB6ZUVyCjBSR2F5MjdreVArOHZIYlNiV1pSVnFTSGtkcGxnK3FtUkw4K1MzR0ZFZVpNU0lLcUJDbUkrdWp6Z3M3NzI1SG8KakZsZUYrZnJaTWFISXhOalVSVGdiSEJJVEY0MDkvYzJ5dG1mMGpSMnBVSXhiTEVXcEU0MnRId0tCd0laYytjVApOaFZVUUM2MjFuZmZiTVFpTWZrK3d6UWo3QlphdUFhdzRjZVZkRWhUeDBqdklOZDNvbWpRTUxRK3FJM2wKLS0tLS1FTkQgUlNBIFBSSVZBVEUgS0VZLS0tLS0K",
                "cluster_ca_certificate": "LS0tLS1CRUdJTiBDRVJUSUZJQ0FURS0tLS0tCk1JSUU2VENDQXRHZ0F3SUJBZ0lSQU5CQnRQVit5NlpIVG84ZWhueGNENmt3RFFZSktvWklodmNOQVFFTEJRQXcKRFRFTE1Ba0dBMVVFQXhNQ1kyRXdJQmNOTWpVeE1URTNNVEExT0RJMldoZ1BNakExTlRFeE1UY3hNVEE0TWpaYQpNQTB4Q3pBSkJnTlZCQU1UQW1OaE1JSUNJakFOQmdrcWhraUc5dzBCQVFFRkFBT0NBZzhBTUlJQ0NnS0NBZ0VBCnZlSjM3bjhScWt0dDJSS3k5QWJyUDZPaldSQ2EyOEJyb3ZyMk5TZElhblNwQU5hV0JiRVFiTWhzaldnbGJENzEKblBtL05jbVcrMklPbmR3VGIvQlBZWFFzUHV4aTQ3bEdvcytGY21YeDZyOC9ZKzY2WjU1bENWOHkyZkloVmJjWgo2Rjh5Y2tMWG41eWNOMDBJZkF4dU5NcDhNamJUREpwYWRaR2d6dm1aYktZY3RMNFY2YUpuTnQxWVplejBGd2FDCjZObTd5N05jTFZuL2RVelBQOTM5U01vQkhmak9NZEN6R2RuMThQTzhwZWJ5cHRGelQvMnl4Z09Hb2pNTXpjMWoKUThqRnhPY0oyVml3eUhPK3RqSEl4N0VTejlRcVdYZzU0SC81UldMekRmSnF5ZjZHcEdjNDZ1Z1NrazNSTm10VwpEcFFTOEVNU1RFUDF0Nkc5L1J3d3VDN2lGaUdPQWZwMTZqWExESGkySGVqSnZiWWdEcEMzSkt6OTdDQlRpZU1rCmNjL0M5c2pPTVQrSDR4NHB5RXo2RCtOZ0RFYnJxYXhQYzd2R3dvZUtnTW5ydXFDSi91VkJxaXVYYURudkxxM2UKZ2ZHREY3em5idTlRSDNqcEk1VE55UG5NY25wcldwWXFuaW54RHhJQjZGRVprTDZLMUErYS80cmJSckt3RVh4MwpHS21NVFlYNTlwVmZmQWRqV09TUUdCaks2OEhmYXg1eis0WU9zM0crTytsNHhJa2hKZVNXcFhBYlZWUlR0MDBOCnZyYktuT3FyZ3dKM1dOeVVmekh0eU12YXZyV1E3eDJxZlNNZkNxSndLRWFYaDZUdWJoaSs5SUJXSnVDSk9CaXQKTC9odlFmaHNGRkR2dUJzb0tsODc2UG9pTUxPTHhQSTRyWEgyeE1oZ2ZsRUNBd0VBQWFOQ01FQXdEZ1lEVlIwUApBUUgvQkFRREFnS2tNQThHQTFVZEV3RUIvd1FGTUFNQkFmOHdIUVlEVlIwT0JCWUVGSnR6NnNMamZwZHBYenJxClZvdUUxYVpGaUhVN01BMEdDU3FHU0liM0RRRUJDd1VBQTRJQ0FRQllLcG1MM21kUkxOUmhTWGhGTUpWOUZrWEsKT3RIWUlZU3JNSktNaGk4RnRoY3JEY1lueXE4bW9nRFJEZmMvK2ZpbGZaUkJZa1hLSkUyVUNBREFwOElsNHpNRQpNNmR2alhTeUhxckZoTjcrbXpBNkFTUFJIeDlOT0Y3QkUrUWVWTldPYzQvV0dSSzZjaTZCc21aZ1QyYlkvbFJDCkpUaHNxZzZlYnJxRXJVV3MzUTlJaDdORXc5TWFEenMrdG5TVnpKanJUbjBBRmRueTE1K0JJL2E2YmdpUnVyaVAKZnVWQW1xeVpsQTRyYUE5cjJqSkdlcW5ZYnRZWUVrZ2pVRHQyeGF2U1FJdjNTSjNibHd6akZ5WkUwSkwzWHVScQpMMEc5M0ZwZDF3c2FOQTVyUVJra09POWpWcGk4Q2Q4dGtrbW9aWkxOU1hNVER5a3BwTmRRa3VRQXpRcEU0SlJxCnY1Z3hESEo2bXA4Wjd4NjNOTW1vNzBoVlUxY1BrUTloeWxseXcremY0Z2Y0TTRPVnppcFcvMElaaVh0YlczUWcKUWxRWWhBZGVBRStxNDJDV3NFLzF5MWFhbENnNmNTdDdWVUduNXNZQ2ZyVHQxcjFHMGVIRXZnYTVzYjZMZWNzWAo2c0Jja3VFSmpMaHFDZ09OT3l2WVorOUkvTE0rZ1JzeGxRYmJWallYbEplSUkzVHBONlFSSTgrc2RRSktHVVpNCmNnbDM3RUJVb1NuTXppMFJwdEl6K2FsTVdkY2k3NXp0WVlxTHdGQ3MrK21PSThtWllwT0d2WVAzMklXNkw3QjEKMTV4cDJlQjdzQ2t4eWE2WU85VC9aekE0K2QrR1ZNclNhN1pJYzdDZzdBSUh6Yk40SjRnWit0WHNKK2hVVWJRLwovZzdUelg0aGhMOW9YMUMyeUE9PQotLS0tLUVORCBDRVJUSUZJQ0FURS0tLS0tCg==",
                "host": "https://aks-team4-dns-2a6pocpv.hcp.francecentral.azmk8s.io:443",
                "password": "tojdz47g98r0vur6kkqorupucfntd630rrajxdshxh3hcws2w33c7dgpiakj7x5j5iduaehyfhb54rcmbhm4ndn6li63ohaznt7j2ko4gi99p6sowh8dg8lmes6n09k0",
                "username": "clusterUser_aks-rg-teamX_aks-team4"
              }
            ],
            "kube_config_raw": "apiVersion: v1\nclusters:\n- cluster:\n    certificate-authority-data: LS0tLS1CRUdJTiBDRVJUSUZJQ0FURS0tLS0tCk1JSUU2VENDQXRHZ0F3SUJBZ0lSQU5CQnRQVit5NlpIVG84ZWhueGNENmt3RFFZSktvWklodmNOQVFFTEJRQXcKRFRFTE1Ba0dBMVVFQXhNQ1kyRXdJQmNOTWpVeE1URTNNVEExT0RJMldoZ1BNakExTlRFeE1UY3hNVEE0TWpaYQpNQTB4Q3pBSkJnTlZCQU1UQW1OaE1JSUNJakFOQmdrcWhraUc5dzBCQVFFRkFBT0NBZzhBTUlJQ0NnS0NBZ0VBCnZlSjM3bjhScWt0dDJSS3k5QWJyUDZPaldSQ2EyOEJyb3ZyMk5TZElhblNwQU5hV0JiRVFiTWhzaldnbGJENzEKblBtL05jbVcrMklPbmR3VGIvQlBZWFFzUHV4aTQ3bEdvcytGY21YeDZyOC9ZKzY2WjU1bENWOHkyZkloVmJjWgo2Rjh5Y2tMWG41eWNOMDBJZkF4dU5NcDhNamJUREpwYWRaR2d6dm1aYktZY3RMNFY2YUpuTnQxWVplejBGd2FDCjZObTd5N05jTFZuL2RVelBQOTM5U01vQkhmak9NZEN6R2RuMThQTzhwZWJ5cHRGelQvMnl4Z09Hb2pNTXpjMWoKUThqRnhPY0oyVml3eUhPK3RqSEl4N0VTejlRcVdYZzU0SC81UldMekRmSnF5ZjZHcEdjNDZ1Z1NrazNSTm10VwpEcFFTOEVNU1RFUDF0Nkc5L1J3d3VDN2lGaUdPQWZwMTZqWExESGkySGVqSnZiWWdEcEMzSkt6OTdDQlRpZU1rCmNjL0M5c2pPTVQrSDR4NHB5RXo2RCtOZ0RFYnJxYXhQYzd2R3dvZUtnTW5ydXFDSi91VkJxaXVYYURudkxxM2UKZ2ZHREY3em5idTlRSDNqcEk1VE55UG5NY25wcldwWXFuaW54RHhJQjZGRVprTDZLMUErYS80cmJSckt3RVh4MwpHS21NVFlYNTlwVmZmQWRqV09TUUdCaks2OEhmYXg1eis0WU9zM0crTytsNHhJa2hKZVNXcFhBYlZWUlR0MDBOCnZyYktuT3FyZ3dKM1dOeVVmekh0eU12YXZyV1E3eDJxZlNNZkNxSndLRWFYaDZUdWJoaSs5SUJXSnVDSk9CaXQKTC9odlFmaHNGRkR2dUJzb0tsODc2UG9pTUxPTHhQSTRyWEgyeE1oZ2ZsRUNBd0VBQWFOQ01FQXdEZ1lEVlIwUApBUUgvQkFRREFnS2tNQThHQTFVZEV3RUIvd1FGTUFNQkFmOHdIUVlEVlIwT0JCWUVGSnR6NnNMamZwZHBYenJxClZvdUUxYVpGaUhVN01BMEdDU3FHU0liM0RRRUJDd1VBQTRJQ0FRQllLcG1MM21kUkxOUmhTWGhGTUpWOUZrWEsKT3RIWUlZU3JNSktNaGk4RnRoY3JEY1lueXE4bW9nRFJEZmMvK2ZpbGZaUkJZa1hLSkUyVUNBREFwOElsNHpNRQpNNmR2alhTeUhxckZoTjcrbXpBNkFTUFJIeDlOT0Y3QkUrUWVWTldPYzQvV0dSSzZjaTZCc21aZ1QyYlkvbFJDCkpUaHNxZzZlYnJxRXJVV3MzUTlJaDdORXc5TWFEenMrdG5TVnpKanJUbjBBRmRueTE1K0JJL2E2YmdpUnVyaVAKZnVWQW1xeVpsQTRyYUE5cjJqSkdlcW5ZYnRZWUVrZ2pVRHQyeGF2U1FJdjNTSjNibHd6akZ5WkUwSkwzWHVScQpMMEc5M0ZwZDF3c2FOQTVyUVJra09POWpWcGk4Q2Q4dGtrbW9aWkxOU1hNVER5a3BwTmRRa3VRQXpRcEU0SlJxCnY1Z3hESEo2bXA4Wjd4NjNOTW1vNzBoVlUxY1BrUTloeWxseXcremY0Z2Y0TTRPVnppcFcvMElaaVh0YlczUWcKUWxRWWhBZGVBRStxNDJDV3NFLzF5MWFhbENnNmNTdDdWVUduNXNZQ2ZyVHQxcjFHMGVIRXZnYTVzYjZMZWNzWAo2c0Jja3VFSmpMaHFDZ09OT3l2WVorOUkvTE0rZ1JzeGxRYmJWallYbEplSUkzVHBONlFSSTgrc2RRSktHVVpNCmNnbDM3RUJVb1NuTXppMFJwdEl6K2FsTVdkY2k3NXp0WVlxTHdGQ3MrK21PSThtWllwT0d2WVAzMklXNkw3QjEKMTV4cDJlQjdzQ2t4eWE2WU85VC9aekE0K2QrR1ZNclNhN1pJYzdDZzdBSUh6Yk40SjRnWit0WHNKK2hVVWJRLwovZzdUelg0aGhMOW9YMUMyeUE9PQotLS0tLUVORCBDRVJUSUZJQ0FURS0tLS0tCg==\n    server: https://aks-team4-dns-2a6pocpv.hcp.francecentral.azmk8s.io:443\n  name: aks-team4\ncontexts:\n- context:\n    cluster: aks-team4\n    user: clusterUser_aks-rg-teamX_aks-team4\n  name: aks-team4\ncurrent-context: aks-team4\nkind: Config\npreferences: {}\nusers:\n- name: clusterUser_aks-rg-teamX_aks-team4\n  user:\n    client-certificate-data: LS0tLS1CRUdJTiBDRVJUSUZJQ0FURS0tLS0tCk1JSUZIVENDQXdXZ0F3SUJBZ0lRSXdmRXZLbGUzM3NZcWNkcGs4OXRWREFOQmdrcWhraUc5dzBCQVFzRkFEQU4KTVFzd0NRWURWUVFERXdKallUQWVGdzB5TlRFeE1UY3hNRFU0TWpaYUZ3MHlOekV4TVRjeE1UQTRNalphTURBeApGekFWQmdOVkJBb1REbk41YzNSbGJUcHRZWE4wWlhKek1SVXdFd1lEVlFRREV3eHRZWE4wWlhKamJHbGxiblF3CmdnSWlNQTBHQ1NxR1NJYjNEUUVCQVFVQUE0SUNEd0F3Z2dJS0FvSUNBUURxNnJSOGVpemtSUGc1Lzhzcnc5cjAKTzJrNlVoU2piWGYwU2RaeGUxQXplSWNibk5qWjZ6UjZsdlJmMGhQb3NPdXJsUUxXeHFGUUFSUEpsL1Q3TTZuTQpXUy9TZzJuT2Y2Qk1WM3lqd0c2TmYwREpqT25mcjJTc09uSi9ob2hGSGZRZW0yalB2L1lzTHNsemhWZWpNazRyCkFTOEF1TktHT0JDWFhINjFRLzdxclNyQTlyemRuVlJKMm1jNHBuRU9QdVlCOVk1TTBOYVFEL2RrMHhwUFlZaUoKcFJyLzRxOVNZbFZCVlQ2ZkFTejFhTmFvUW5QL0I3Y2ZOb3FkMWc1L3VPeVFWYlUyU2NiWS9wM1h1ZzBaTkxYYgpqODhaN01VWEFlaHJtdDhpL0YrSGMyWmFFb0FNaWZQamRhNTBxVXVOeU41ZnE3dnAvUEpiWjZqVTBKakM5LzJkCmN1Z0ZMUHZ6UzRFaUljM3pqeWNKMEE1am5GeU5EQ2lPcUR2UjRLL1ZJZVdEUXBsU3ZObTRpRG1SYm1GTkRvTE4KakhOT3hEUm4wa2tOU3JRUVo1WHNQVk5yR2RQbGsrVC9BOGNiM0NxaSt1cDMrbldqVGg0ZUk1VGs3OGlpN1Z1Ywpub3B6TlNZZGl6WS8xU2VjeWNwN2RhVGxZTC9wK0ZVQWRCdWorK0hCRGFmTm9TcDdJbXljSE9iRm9qUGNZUHoxCmcyNHZIN0RWV0hIRzZRQXc0UC9rbTlrMDJYbXlySnNQY0dDeXFkQlpKblFVMUR6REZrbVNucGF1OGZ6c0g3Zk0KaXZwaDBPYVl4VHNGbExjalRMUm1mbnJnbndocUpDM2xsY1FXVzdiMGlXZmRZWjhQWXp1LzNwalhIdXMraEJYdApMSUJwS25QVElyVDZRV1l5UjhmTG5RSURBUUFCbzFZd1ZEQU9CZ05WSFE4QkFmOEVCQU1DQmFBd0V3WURWUjBsCkJBd3dDZ1lJS3dZQkJRVUhBd0l3REFZRFZSMFRBUUgvQkFJd0FEQWZCZ05WSFNNRUdEQVdnQlNiYytyQzQzNlgKYVY4NjZsYUxoTldtUlloMU96QU5CZ2txaGtpRzl3MEJBUXNGQUFPQ0FnRUFTL2FlL0Q3aTlEYjJyRVIxejgrMwo2SU9Na0lqNGZHTXlEdUEvS1dSaHRRaTZCc1Z2cG5tK3REcFNLaHVXSXpKWDhSNi9ISlBLT0lHV25xUFUyZW12CkgvTzVzK2F3MGFLdjQyRGxJNTkrNTBKbzE5T3lwUmNMVnJJUGhKZmQzL0pUSXQrWnpqNXBqWWVDdU1mUllqd0YKSzIzSGxGVDFwOFA3ckp6b0lvd3d6bXAzNGxxR2pJZTg4ZnZpa1Q4RS8vMTNGRE9ZQUkvMWNKOG1MWmVVOXJ6bwpmQWRLK3hMS0VCcld3OFViajNjRnNidVg5aGtpWjdhTTBuWDJTWjdDNk84UnErYUNvYWdONENDa25tdXFGTjNKCmNsR0pMRDVUTm1ZNDdXOStIRE5jSTRtYkZFL0dwUStuZzZGTUcxQ0lPcFBWUmxadEFYSjExSHFvVzZ5ZXgyZ3IKWTZEQ0RpYkhUaTBZUEsyMHkxelo5elo3eGxXaGFnVWpLN0RtZ1RJMndOMDYvMFpUMlNldncwK3hFbkhIczB5dAp2QjhYMS9pMjNab0s0YjBYU2dUMzNBK0V6Y3JIeHpGeVJleUV4MkZlMXZaclNjUEcxSk1hVnV0SWY0eE9ta1EvCmR3MDQvWGxXbmVNYXZtQnhpVlNFUjVqTWNLRjlFMElQVXNYc01RUE1XOFFmdkc0ZC9Cd2dSQWdjcTh6Y05KRkUKcWtPdm5BZWdHMlRNMnpIcmRaNnFYYzZxTC9aTkRQNGxSbzR0a2NvUDlWckd3Q3ljZjBMZk1DUEovTElFeVdDQQpnaFVJeWRlZWp1VU5QYUVpdWw0RjlndFFiVmtCeWJCdDlFcEFvcExuMFRaSWNqYnV4WXNPeVlCR2lRbytTMDd3CmtnK0lPTXE5VjZXalNaekJHeTJwYktnPQotLS0tLUVORCBDRVJUSUZJQ0FURS0tLS0tCg==\n    client-key-data: LS0tLS1CRUdJTiBSU0EgUFJJVkFURSBLRVktLS0tLQpNSUlKS1FJQkFBS0NBZ0VBNnVxMGZIb3M1RVQ0T2YvTEs4UGE5RHRwT2xJVW8yMTM5RW5XY1h0UU0zaUhHNXpZCjJlczBlcGIwWDlJVDZMRHJxNVVDMXNhaFVBRVR5WmYwK3pPcHpGa3Ywb05wem4rZ1RGZDhvOEJ1alg5QXlZenAKMzY5a3JEcHlmNGFJUlIzMEhwdG96Ny8yTEM3SmM0VlhvekpPS3dFdkFMalNoamdRbDF4K3RVUCs2cTBxd1BhOAozWjFVU2Rwbk9LWnhEajdtQWZXT1RORFdrQS8zWk5NYVQyR0lpYVVhLytLdlVtSlZRVlUrbndFczlXaldxRUp6Ci93ZTNIemFLbmRZT2Y3anNrRlcxTmtuRzJQNmQxN29OR1RTMTI0L1BHZXpGRndIb2E1cmZJdnhmaDNObVdoS0EKREluejQzV3VkS2xMamNqZVg2dTc2Znp5VzJlbzFOQ1l3dmY5blhMb0JTejc4MHVCSWlITjg0OG5DZEFPWTV4YwpqUXdvanFnNzBlQ3YxU0hsZzBLWlVyelp1SWc1a1c1aFRRNkN6WXh6VHNRMFo5SkpEVXEwRUdlVjdEMVRheG5UCjVaUGsvd1BIRzl3cW92cnFkL3AxbzA0ZUhpT1U1Ty9Jb3UxYm5KNktjelVtSFlzMlA5VW5uTW5LZTNXazVXQy8KNmZoVkFIUWJvL3Zod1EybnphRXFleUpzbkJ6bXhhSXozR0Q4OVlOdUx4K3cxVmh4eHVrQU1PRC81SnZaTk5sNQpzcXliRDNCZ3NxblFXU1owRk5ROHd4WkprcDZXcnZIODdCKzN6SXI2WWREbW1NVTdCWlMzSTB5MFpuNTY0SjhJCmFpUXQ1WlhFRmx1MjlJbG4zV0dmRDJNN3Y5NlkxeDdyUG9RVjdTeUFhU3B6MHlLMCtrRm1Na2ZIeTUwQ0F3RUEKQVFLQ0FnQUdKakdtUm41eFZUcllMZEZ3S2xiTGFOaTJ6Wm83c3V4ZWFTWmpYeEo0M25GTzhEcWU3YkM0ZXNZWAowZ1J5WlZzdDZSOGpaeHltM3ZoWklSQ3BHSyticVVQK3N6RHNWbHZvVTZ2d0QyUDFjVHpOYWRKZmFCUnZDN0tlCmt2TnpON2NCckJqQXcyb2F1dmpML05RUDhndW94WVdvODYyVEZObWVWSzMrYWJLOUN0NWhJYlJNNnNiZmpnZUEKcko2dC9FaUNDWjc1ZE1nQkNtSHo4akN3bmtGNE5PbXhoQW9KMG9nZnh5NzE4NDV0T0JyU1diYjJtSW1iR0E3bAoxY29ZWHN0V2RkL2g5V2x1bWEraEMzNDNTREZ3ZDJHNDhJRXlPbnNPZ2dYUVFTSHhCanpLSTh6VlJ6RXFwWlIwCitrOS9mU0FSQ2dwSHREYlYzSzlITHRTbzJkdjZHOGFnMkhFWGhpZldxMFd6NUJTdkQxdW1UeWJNekw5VVZzZEYKb1daeWdUNExoelhIUW1EdTAxb3JsRzV4bCs2eW5GYy9ya3FqamkrcWVjaEgvdEtySHZZd1R0dmlpZGdjbk5WVQp6TUtiN0tDWVNZelo1VE9zamRDWEU4Q25FdkZ5WFY5TEFQcnJhSGRjeElCU0l1VVBpR0JGc2hVaE5OMWoxZlAzCmVEcWo2QmIyVVJuT2NlclUwckkyZkJPMVVMWDZDaFVOVU9rS3BObWk3WmRPcW1zK3hDMDE0WlQwTVZ1THp4TEgKNEQ5a1phNFRMc0pQZlV6eFBOQm56TmMxL1ZyMjNESy9WS2ZZV1pPeU1xUWtzaWtuWm5UN2NKTW5hRkJVcTZoOQpPWkJ2Z1hGa052WG5uUytCa1JmY2tKOUJNWmM4eHRWV2MyV1Z0VFYxYkh6WkNWUW9RUUtDQVFFQTgzTCtwMXZrCnZmaFQ4TitvRDE2Lzc0T3BvSUlIeVlsdmJuT2ZuR3VrcVJVMjR3SzBYK2drMlVzSWo1MWVPVW1zRjBXMUE2Q0MKTWVSRVVZOFZDK1lhaTlqTzhJbGJHMTc0Y3hMak13dUVVa0NqYUFmVHM4WUJqOWlUaFhsc0ZyWlFNdHZENlR5RwpNOWxIQjdJVzBQbkF1WEd1ZWIrOTJCWnZtbVhKSHhYS3dKR2laUFJGRytuYm42QW5jNGNiRzNjSUdhUG1FcDM0ClZhUjdsMXhDYTRDWUtxT29TK1Q0OHNNSzNvdGt2K3loMjFDanI5WUluRFdrWnlXSU1DMGxUanIyS0p0RTRRbDYKeW1SZm1HWnF1czVsOVZubFI5WmxVVk9QdXNLUXBhRGhIVFBDdnREUUpXZVBMR1VVVmdrZ2s1cm9yVkJxQlFVUQpPaWtZR2ZsdVhybE8vUUtDQVFFQTl3Y1o2VDUza25xNnhtYkZtWU5UREdJdnJmRERRZHNzVjNZMW1UMXA1WEdsCnpCc1FEUlFFbXlqa2ppM09aUFhscjdKQ3Z4ekM5UXdlb3puQjl1OEdnQnp0N2xGRmZsSXM3TWtxL2g3TE5JKzYKYjMwd2hMSWg0RmV1Rys0OS9MSVdEZDZIM0JQcDlLN3dCTHdXWkdFTEdvcUFma1RaT3hkSi9hRU1tY2J4VjZCeApOcXdFK0lSSWJuODVDWkFlalFqRFAyVlpHVUhKallxeWVkSnp3cFl0YWgvVDZqT0pqYlllU3lrYWJRVkZSZGhUCmk1ZmNvaWZZdzU2NUwvQ2h6TXM1Y25qWnVYR3NJWHRIc3JIM2tyM1p5MmRJanJHdmkzeU1VMEowSzBmVk5uODMKZFg5TFk5MHVTeXZVQmQ2ak9RUDBKVlhicTI4TFVJaUJpWUJpbG00aElRS0NBUUVBM1B1WVhwQlNqWUo1cDU5TgpiVTVEaVlXSkZ6S1JJUWJKQ0lpWjdLSGxZTG5xRFp4cDROalhnZ3JUSlpIaWNyd0dJMFhhTHdXbXlPVDhndEFQCmViS1FqRHJzZFhrcEl5cE0raCs5N3ByWXJOVVJ2eC9Ec2w3ZEVoYTBxaWJ5ejVjRUszWkRXbGJmTnZkV3U0eVQKbTNQcDFpdDBCZjNmdE9PQXdMVCtJR0ptbmZCVWFiRTFma1lFWHR4QWsyU2pYWVhwNjJSVU5yZ0FNTFZTbnExWAplVC9NWUlBWUIzUTc2aGpUcC9qK0poMEZPdy95MVd6Q2VoRlRQM0haTW1uNGdBK1RYSDY4d2swWmtkZ1Uwa0M5ClJ2Nk5uRzNTYXlnWTVmNms3QkVxdmIzUU9mSy9KdmhpeUdFOW5EM1FmTnhpSHJveDFRaTJoQUg1bmVHcGlBSmIKaGs1TmZRS0NBUUEweXVtNHRVYnNvUm9GaUxVMko2QzZCc25Wekp5T0dIOFRlZ25lWkFlYnAzd2RjTE12ZUZXNwpxek9kUnlEUzV0SmRpQ1ZIbnFmem90RnhaTWlWTTJRYVFSU0FXQklYK3d2cTF0cy9UK2x4cEQzZDBjMXFybjhhCjZPSW15ZldwYVkzWkRQUFFEdGx6RjJmb095STE5WjlmM3JXelJwZCtUMjNhckc1NjlzOWhRTUt4UW5ZVmZuL1UKVFpBdEFRWG1jamIzOTNyaE1QUVlNY29PeXZFK1pzWHg1amR0MS9IUHZWb2dDZnJCemR5T0hydE1HL3BsRlVyNApFNVhVTHdNRk4zRmhpMzVNYVlTMTZ4alprYnN0T3pHdWpMWXUrTDVoZXc2cVJJdDdMSERlb3JXQmdPRGx5TUU2CkEzWGVnMFF5elN1Q1J5VVpNRFFrMCtlTE1VcmdoMHpCQW9JQkFRRGlXSm9pUnI0RmVEVjZWSlptb0J0eXU1VWQKZUV1UFp2NkRhWVYyVzBqbWhZY0JHU1AzaVh0Umx4MXRyNitzWTFJTDlQUVI4cU9QbVlURFhkZDhnNHZGemk5Twp6VExjSFZaVm53S2lxY28yNUhrRG5MVWxJb3VUQTB0L0FlV2E4TDNPZGI0eW0vN3QweXg4N013WmFyaTB6ZUVyCjBSR2F5MjdreVArOHZIYlNiV1pSVnFTSGtkcGxnK3FtUkw4K1MzR0ZFZVpNU0lLcUJDbUkrdWp6Z3M3NzI1SG8KakZsZUYrZnJaTWFISXhOalVSVGdiSEJJVEY0MDkvYzJ5dG1mMGpSMnBVSXhiTEVXcEU0MnRId0tCd0laYytjVApOaFZVUUM2MjFuZmZiTVFpTWZrK3d6UWo3QlphdUFhdzRjZVZkRWhUeDBqdklOZDNvbWpRTUxRK3FJM2wKLS0tLS1FTkQgUlNBIFBSSVZBVEUgS0VZLS0tLS0K\n    token: tojdz47g98r0vur6kkqorupucfntd630rrajxdshxh3hcws2w33c7dgpiakj7x5j5iduaehyfhb54rcmbhm4ndn6li63ohaznt7j2ko4gi99p6sowh8dg8lmes6n09k0\n",
            "kubelet_identity": [
              {
                "client_id": "7b6824e8-8028-4025-98f0-e4f77d48e387",
                "object_id": "7c843c6c-7831-42b4-b119-858c3819ea8c",
                "user_assigned_identity_id": "/subscriptions/b4905b2b-229e-4615-80e1-498a9ade3695/resourceGroups/MC_aks-rg-teamX_aks-team4_francecentral/providers/Microsoft.ManagedIdentity/userAssignedIdentities/aks-team4-agentpool"
              }
            ],
            "kubernetes_version": "1.32",
            "linux_profile": [],
            "local_account_disabled": false,
            "location": "francecentral",
            "maintenance_window": [],
            "maintenance_window_auto_upgrade": [],
            "maintenance_window_node_os": [],
            "microsoft_defender": [],
            "monitor_metrics": [],
            "name": "aks-team4",
            "network_profile": [
              {
                "dns_service_ip": "10.0.0.10",
                "docker_bridge_cidr": "",
                "ebpf_data_plane": "",
                "ip_versions": [
                  "IPv4"
                ],
                "load_balancer_profile": [
                  {
                    "effective_outbound_ips": [
                      "/subscriptions/b4905b2b-229e-4615-80e1-498a9ade3695/resourceGroups/MC_aks-rg-teamX_aks-team4_francecentral/providers/Microsoft.Network/publicIPAddresses/b0cac1e1-9388-4351-a7ae-dce9ee3e9b16"
                    ],
                    "idle_timeout_in_minutes": 0,
                    "managed_outbound_ip_count": 1,
                    "managed_outbound_ipv6_count": 0,
                    "outbound_ip_address_ids": [],
                    "outbound_ip_prefix_ids": [],
                    "outbound_ports_allocated": 0
                  }
                ],
                "load_balancer_sku": "standard",
                "nat_gateway_profile": [],
                "network_data_plane": "azure",
                "network_mode": "",
                "network_plugin": "kubenet",
                "network_plugin_mode": "",
                "network_policy": "",
                "outbound_ip_address_ids": [],
                "outbound_ip_prefix_ids": [],
                "outbound_type": "loadBalancer",
                "pod_cidr": "10.244.0.0/16",
                "pod_cidrs": [
                  "10.244.0.0/16"
                ],
                "service_cidr": "10.0.0.0/16",
                "service_cidrs": [
                  "10.0.0.0/16"
                ]
              }
            ],
            "node_os_channel_upgrade": null,
            "node_resource_group": "MC_aks-rg-teamX_aks-team4_francecentral",
            "node_resource_group_id": "/subscriptions/b4905b2b-229e-4615-80e1-498a9ade3695/resourceGroups/MC_aks-rg-teamX_aks-team4_francecentral",
            "oidc_issuer_enabled": false,
            "oidc_issuer_url": "",
            "oms_agent": [],
            "open_service_mesh_enabled": null,
            "portal_fqdn": "aks-team4-dns-2a6pocpv.portal.hcp.francecentral.azmk8s.io",
            "private_cluster_enabled": false,
            "private_cluster_public_fqdn_enabled": false,
            "private_dns_zone_id": "",
            "private_fqdn": "",
            "public_network_access_enabled": true,
            "resource_group_name": "aks-rg-teamX",
            "role_based_access_control_enabled": true,
            "run_command_enabled": true,
            "service_mesh_profile": [],
            "service_principal": [],
            "sku_tier": "Free",
            "storage_profile": [],
            "support_plan": "KubernetesOfficial",
            "tags": {
              "env": "dev"
            },
            "timeouts": null,
            "web_app_routing": [],
            "windows_profile": [],
            "workload_autoscaler_profile": [],
            "workload_identity_enabled": false
          },
          "sensitive_attributes": [
            [
              {
                "type": "get_attr",
                "value": "kube_admin_config"
              }
            ],
            [
              {
                "type": "get_attr",
                "value": "kube_admin_config_raw"
              }
            ],
            [
              {
                "type": "get_attr",
                "value": "kube_config"
              }
            ],
            [
              {
                "type": "get_attr",
                "value": "kube_config_raw"
              }
            ]
          ],
          "identity_schema_version": 0,
          "private": "eyJlMmJmYjczMC1lY2FhLTExZTYtOGY4OC0zNDM2M2JjN2M0YzAiOnsiY3JlYXRlIjo1NDAwMDAwMDAwMDAwLCJkZWxldGUiOjU0MDAwMDAwMDAwMDAsInJlYWQiOjMwMDAwMDAwMDAwMCwidXBkYXRlIjo1NDAwMDAwMDAwMDAwfSwic2NoZW1hX3ZlcnNpb24iOiIyIn0=",
          "dependencies": [
            "azurerm_resource_group.rg"
          ]
        }
      ]
    },
    {
      "mode": "managed",
      "type": "azurerm_resource_group",
      "name": "rg",
      "provider": "provider[\"registry.terraform.io/hashicorp/azurerm\"]",
      "instances": [
        {
          "schema_version": 0,
          "attributes": {
            "id": "/subscriptions/b4905b2b-229e-4615-80e1-498a9ade3695/resourceGroups/aks-rg-teamX",
            "location": "francecentral",
            "managed_by": "",
            "name": "aks-rg-teamX",
            "tags": {},
            "timeouts": null
          },
          "sensitive_attributes": [],
          "identity_schema_version": 0,
          "private": "eyJlMmJmYjczMC1lY2FhLTExZTYtOGY4OC0zNDM2M2JjN2M0YzAiOnsiY3JlYXRlIjo1NDAwMDAwMDAwMDAwLCJkZWxldGUiOjU0MDAwMDAwMDAwMDAsInJlYWQiOjMwMDAwMDAwMDAwMCwidXBkYXRlIjo1NDAwMDAwMDAwMDAwfX0="
        }
      ]
    },
    {
      "mode": "managed",
      "type": "helm_release",
      "name": "cert_manager",
      "provider": "provider[\"registry.terraform.io/hashicorp/helm\"]",
      "instances": [
        {
          "schema_version": 1,
          "attributes": {
            "atomic": false,
            "chart": "cert-manager",
            "cleanup_on_fail": false,
            "create_namespace": true,
            "dependency_update": false,
            "description": null,
            "devel": null,
            "disable_crd_hooks": false,
            "disable_openapi_validation": false,
            "disable_webhooks": false,
            "force_update": false,
            "id": "cert-manager",
            "keyring": null,
            "lint": false,
            "manifest": null,
            "max_history": 0,
            "metadata": [
              {
                "app_version": "v1.19.1",
                "chart": "cert-manager",
                "first_deployed": 1763377943,
                "last_deployed": 1763377943,
                "name": "cert-manager",
                "namespace": "cert-manager",
                "notes": "\n⚠️  WARNING: `installCRDs` is deprecated, use `crds.enabled` instead.\n⚠️  WARNING: New default private key rotation policy for Certificate resources.\nThe default private key rotation policy for Certificate resources was\nchanged to `Always` in cert-manager \u003e= v1.18.0.\nLearn more in the [1.18 release notes](https://cert-manager.io/docs/releases/release-notes/release-notes-1.18).\n\ncert-manager v1.19.1 has been deployed successfully!\n\nIn order to begin issuing certificates, you will need to set up a ClusterIssuer\nor Issuer resource (for example, by creating a 'letsencrypt-staging' issuer).\n\nMore information on the different types of issuers and how to configure them\ncan be found in our documentation:\n\nhttps://cert-manager.io/docs/configuration/\n\nFor information on how to configure cert-manager to automatically provision\nCertificates for Ingress resources, take a look at the `ingress-shim`\ndocumentation:\n\nhttps://cert-manager.io/docs/usage/ingress/\n",
                "revision": 1,
                "values": "{\"installCRDs\":true}",
                "version": "v1.19.1"
              }
            ],
            "name": "cert-manager",
            "namespace": "cert-manager",
            "pass_credentials": false,
            "postrender": [],
            "recreate_pods": false,
            "render_subchart_notes": true,
            "replace": false,
            "repository": "https://charts.jetstack.io",
            "repository_ca_file": null,
            "repository_cert_file": null,
            "repository_key_file": null,
            "repository_password": null,
            "repository_username": null,
            "reset_values": false,
            "reuse_values": false,
            "set": [
              {
                "name": "installCRDs",
                "type": "",
                "value": "true"
              }
            ],
            "set_list": [],
            "set_sensitive": [],
            "skip_crds": false,
            "status": "deployed",
            "timeout": 300,
            "upgrade_install": null,
            "values": null,
            "verify": false,
            "version": "v1.19.1",
            "wait": true,
            "wait_for_jobs": false
          },
          "sensitive_attributes": [
            [
              {
                "type": "get_attr",
                "value": "repository_password"
              }
            ]
          ],
          "identity_schema_version": 0,
          "private": "eyJzY2hlbWFfdmVyc2lvbiI6IjEifQ==",
          "dependencies": [
            "azurerm_kubernetes_cluster.aks",
            "azurerm_resource_group.rg"
          ]
        }
      ]
    },
    {
      "mode": "managed",
      "type": "helm_release",
      "name": "ingress_nginx",
      "provider": "provider[\"registry.terraform.io/hashicorp/helm\"]",
      "instances": [
        {
          "schema_version": 1,
          "attributes": {
            "atomic": false,
            "chart": "ingress-nginx",
            "cleanup_on_fail": false,
            "create_namespace": true,
            "dependency_update": false,
            "description": null,
            "devel": null,
            "disable_crd_hooks": false,
            "disable_openapi_validation": false,
            "disable_webhooks": false,
            "force_update": false,
            "id": "ingress-nginx",
            "keyring": null,
            "lint": false,
            "manifest": null,
            "max_history": 0,
            "metadata": [
              {
                "app_version": "1.14.0",
                "chart": "ingress-nginx",
                "first_deployed": 1763377942,
                "last_deployed": 1763377942,
                "name": "ingress-nginx",
                "namespace": "ingress-nginx",
                "notes": "The ingress-nginx controller has been installed.\nIt may take a few minutes for the load balancer IP to be available.\nYou can watch the status by running 'kubectl get service --namespace ingress-nginx ingress-nginx-controller --output wide --watch'\n\nAn example Ingress that makes use of the controller:\n  apiVersion: networking.k8s.io/v1\n  kind: Ingress\n  metadata:\n    name: example\n    namespace: foo\n  spec:\n    ingressClassName: nginx\n    rules:\n      - host: www.example.com\n        http:\n          paths:\n            - pathType: Prefix\n              backend:\n                service:\n                  name: exampleService\n                  port:\n                    number: 80\n              path: /\n    # This section is only required if TLS is to be enabled for the Ingress\n    tls:\n      - hosts:\n        - www.example.com\n        secretName: example-tls\n\nIf TLS is enabled for the Ingress, a Secret containing the certificate and key must also be provided:\n\n  apiVersion: v1\n  kind: Secret\n  metadata:\n    name: example-tls\n    namespace: foo\n  data:\n    tls.crt: \u003cbase64 encoded cert\u003e\n    tls.key: \u003cbase64 encoded key\u003e\n  type: kubernetes.io/tls\n",
                "revision": 1,
                "values": "{\"controller\":{\"service\":{\"ports\":{\"http\":80,\"https\":443},\"type\":\"LoadBalancer\"}}}",
                "version": "4.14.0"
              }
            ],
            "name": "ingress-nginx",
            "namespace": "ingress-nginx",
            "pass_credentials": false,
            "postrender": [],
            "recreate_pods": false,
            "render_subchart_notes": true,
            "replace": false,
            "repository": "https://kubernetes.github.io/ingress-nginx",
            "repository_ca_file": null,
            "repository_cert_file": null,
            "repository_key_file": null,
            "repository_password": null,
            "repository_username": null,
            "reset_values": false,
            "reuse_values": false,
            "set": [
              {
                "name": "controller.service.ports.http",
                "type": "",
                "value": "80"
              },
              {
                "name": "controller.service.ports.https",
                "type": "",
                "value": "443"
              },
              {
                "name": "controller.service.type",
                "type": "",
                "value": "LoadBalancer"
              }
            ],
            "set_list": [],
            "set_sensitive": [],
            "skip_crds": false,
            "status": "deployed",
            "timeout": 300,
            "upgrade_install": null,
            "values": null,
            "verify": false,
            "version": "4.14.0",
            "wait": true,
            "wait_for_jobs": false
          },
          "sensitive_attributes": [
            [
              {
                "type": "get_attr",
                "value": "repository_password"
              }
            ]
          ],
          "identity_schema_version": 0,
          "private": "eyJzY2hlbWFfdmVyc2lvbiI6IjEifQ==",
          "dependencies": [
            "azurerm_kubernetes_cluster.aks",
            "azurerm_resource_group.rg"
          ]
        }
      ]
    },
    {
      "mode": "managed",
      "type": "kubernetes_manifest",
      "name": "cluster_issuer",
      "provider": "provider[\"registry.terraform.io/hashicorp/kubernetes\"]",
      "instances": [
        {
          "schema_version": 1,
          "attributes": {
            "computed_fields": null,
            "field_manager": [],
            "manifest": {
              "value": {
                "apiVersion": "cert-manager.io/v1",
                "kind": "ClusterIssuer",
                "metadata": {
                  "name": "letsencrypt-staging"
                },
                "spec": {
                  "acme": {
                    "email": "labrikijihane@gmail.com",
                    "privateKeySecretRef": {
                      "name": "letsencrypt-staging"
                    },
                    "server": "https://acme-staging-v02.api.letsencrypt.org/directory",
                    "solvers": [
                      {
                        "http01": {
                          "ingress": {
                            "class": "nginx"
                          }
                        }
                      }
                    ]
                  }
                }
              },
              "type": [
                "object",
                {
                  "apiVersion": "string",
                  "kind": "string",
                  "metadata": [
                    "object",
                    {
                      "name": "string"
                    }
                  ],
                  "spec": [
                    "object",
                    {
                      "acme": [
                        "object",
                        {
                          "email": "string",
                          "privateKeySecretRef": [
                            "object",
                            {
                              "name": "string"
                            }
                          ],
                          "server": "string",
                          "solvers": [
                            "tuple",
                            [
                              [
                                "object",
                                {
                                  "http01": [
                                    "object",
                                    {
                                      "ingress": [
                                        "object",
                                        {
                                          "class": "string"
                                        }
                                      ]
                                    }
                                  ]
                                }
                              ]
                            ]
                          ]
                        }
                      ]
                    }
                  ]
                }
              ]
            },
            "object": {
              "value": {
                "apiVersion": "cert-manager.io/v1",
                "kind": "ClusterIssuer",
                "metadata": {
                  "annotations": null,
                  "creationTimestamp": null,
                  "deletionGracePeriodSeconds": null,
                  "deletionTimestamp": null,
                  "finalizers": null,
                  "generateName": null,
                  "generation": null,
                  "labels": null,
                  "managedFields": null,
                  "name": "letsencrypt-staging",
                  "namespace": null,
                  "ownerReferences": null,
                  "resourceVersion": null,
                  "selfLink": null,
                  "uid": null
                },
                "spec": {
                  "acme": {
                    "caBundle": null,
                    "disableAccountKeyGeneration": null,
                    "email": "labrikijihane@gmail.com",
                    "enableDurationFeature": null,
                    "externalAccountBinding": {
                      "keyAlgorithm": null,
                      "keyID": null,
                      "keySecretRef": {
                        "key": null,
                        "name": null
                      }
                    },
                    "preferredChain": null,
                    "privateKeySecretRef": {
                      "key": null,
                      "name": "letsencrypt-staging"
                    },
                    "profile": null,
                    "server": "https://acme-staging-v02.api.letsencrypt.org/directory",
                    "skipTLSVerify": null,
                    "solvers": [
                      {
                        "dns01": {
                          "acmeDNS": {
                            "accountSecretRef": {
                              "key": null,
                              "name": null
                            },
                            "host": null
                          },
                          "akamai": {
                            "accessTokenSecretRef": {
                              "key": null,
                              "name": null
                            },
                            "clientSecretSecretRef": {
                              "key": null,
                              "name": null
                            },
                            "clientTokenSecretRef": {
                              "key": null,
                              "name": null
                            },
                            "serviceConsumerDomain": null
                          },
                          "azureDNS": {
                            "clientID": null,
                            "clientSecretSecretRef": {
                              "key": null,
                              "name": null
                            },
                            "environment": null,
                            "hostedZoneName": null,
                            "managedIdentity": {
                              "clientID": null,
                              "resourceID": null,
                              "tenantID": null
                            },
                            "resourceGroupName": null,
                            "subscriptionID": null,
                            "tenantID": null
                          },
                          "cloudDNS": {
                            "hostedZoneName": null,
                            "project": null,
                            "serviceAccountSecretRef": {
                              "key": null,
                              "name": null
                            }
                          },
                          "cloudflare": {
                            "apiKeySecretRef": {
                              "key": null,
                              "name": null
                            },
                            "apiTokenSecretRef": {
                              "key": null,
                              "name": null
                            },
                            "email": null
                          },
                          "cnameStrategy": null,
                          "digitalocean": {
                            "tokenSecretRef": {
                              "key": null,
                              "name": null
                            }
                          },
                          "rfc2136": {
                            "nameserver": null,
                            "protocol": null,
                            "tsigAlgorithm": null,
                            "tsigKeyName": null,
                            "tsigSecretSecretRef": {
                              "key": null,
                              "name": null
                            }
                          },
                          "route53": {
                            "accessKeyID": null,
                            "accessKeyIDSecretRef": {
                              "key": null,
                              "name": null
                            },
                            "auth": {
                              "kubernetes": {
                                "serviceAccountRef": {
                                  "audiences": null,
                                  "name": null
                                }
                              }
                            },
                            "hostedZoneID": null,
                            "region": null,
                            "role": null,
                            "secretAccessKeySecretRef": {
                              "key": null,
                              "name": null
                            }
                          },
                          "webhook": {
                            "config": null,
                            "groupName": null,
                            "solverName": null
                          }
                        },
                        "http01": {
                          "gatewayHTTPRoute": {
                            "labels": null,
                            "parentRefs": null,
                            "podTemplate": {
                              "metadata": {
                                "annotations": null,
                                "labels": null
                              },
                              "spec": {
                                "affinity": {
                                  "nodeAffinity": {
                                    "preferredDuringSchedulingIgnoredDuringExecution": null,
                                    "requiredDuringSchedulingIgnoredDuringExecution": {
                                      "nodeSelectorTerms": null
                                    }
                                  },
                                  "podAffinity": {
                                    "preferredDuringSchedulingIgnoredDuringExecution": null,
                                    "requiredDuringSchedulingIgnoredDuringExecution": null
                                  },
                                  "podAntiAffinity": {
                                    "preferredDuringSchedulingIgnoredDuringExecution": null,
                                    "requiredDuringSchedulingIgnoredDuringExecution": null
                                  }
                                },
                                "imagePullSecrets": null,
                                "nodeSelector": null,
                                "priorityClassName": null,
                                "resources": {
                                  "limits": null,
                                  "requests": null
                                },
                                "securityContext": {
                                  "fsGroup": null,
                                  "fsGroupChangePolicy": null,
                                  "runAsGroup": null,
                                  "runAsNonRoot": null,
                                  "runAsUser": null,
                                  "seLinuxOptions": {
                                    "level": null,
                                    "role": null,
                                    "type": null,
                                    "user": null
                                  },
                                  "seccompProfile": {
                                    "localhostProfile": null,
                                    "type": null
                                  },
                                  "supplementalGroups": null,
                                  "sysctls": null
                                },
                                "serviceAccountName": null,
                                "tolerations": null
                              }
                            },
                            "serviceType": null
                          },
                          "ingress": {
                            "class": "nginx",
                            "ingressClassName": null,
                            "ingressTemplate": {
                              "metadata": {
                                "annotations": null,
                                "labels": null
                              }
                            },
                            "name": null,
                            "podTemplate": {
                              "metadata": {
                                "annotations": null,
                                "labels": null
                              },
                              "spec": {
                                "affinity": {
                                  "nodeAffinity": {
                                    "preferredDuringSchedulingIgnoredDuringExecution": null,
                                    "requiredDuringSchedulingIgnoredDuringExecution": {
                                      "nodeSelectorTerms": null
                                    }
                                  },
                                  "podAffinity": {
                                    "preferredDuringSchedulingIgnoredDuringExecution": null,
                                    "requiredDuringSchedulingIgnoredDuringExecution": null
                                  },
                                  "podAntiAffinity": {
                                    "preferredDuringSchedulingIgnoredDuringExecution": null,
                                    "requiredDuringSchedulingIgnoredDuringExecution": null
                                  }
                                },
                                "imagePullSecrets": null,
                                "nodeSelector": null,
                                "priorityClassName": null,
                                "resources": {
                                  "limits": null,
                                  "requests": null
                                },
                                "securityContext": {
                                  "fsGroup": null,
                                  "fsGroupChangePolicy": null,
                                  "runAsGroup": null,
                                  "runAsNonRoot": null,
                                  "runAsUser": null,
                                  "seLinuxOptions": {
                                    "level": null,
                                    "role": null,
                                    "type": null,
                                    "user": null
                                  },
                                  "seccompProfile": {
                                    "localhostProfile": null,
                                    "type": null
                                  },
                                  "supplementalGroups": null,
                                  "sysctls": null
                                },
                                "serviceAccountName": null,
                                "tolerations": null
                              }
                            },
                            "serviceType": null
                          }
                        },
                        "selector": {
                          "dnsNames": null,
                          "dnsZones": null,
                          "matchLabels": null
                        }
                      }
                    ]
                  },
                  "ca": {
                    "crlDistributionPoints": null,
                    "issuingCertificateURLs": null,
                    "ocspServers": null,
                    "secretName": null
                  },
                  "selfSigned": {
                    "crlDistributionPoints": null
                  },
                  "vault": {
                    "auth": {
                      "appRole": {
                        "path": null,
                        "roleId": null,
                        "secretRef": {
                          "key": null,
                          "name": null
                        }
                      },
                      "clientCertificate": {
                        "mountPath": null,
                        "name": null,
                        "secretName": null
                      },
                      "kubernetes": {
                        "mountPath": null,
                        "role": null,
                        "secretRef": {
                          "key": null,
                          "name": null
                        },
                        "serviceAccountRef": {
                          "audiences": null,
                          "name": null
                        }
                      },
                      "tokenSecretRef": {
                        "key": null,
                        "name": null
                      }
                    },
                    "caBundle": null,
                    "caBundleSecretRef": {
                      "key": null,
                      "name": null
                    },
                    "clientCertSecretRef": {
                      "key": null,
                      "name": null
                    },
                    "clientKeySecretRef": {
                      "key": null,
                      "name": null
                    },
                    "namespace": null,
                    "path": null,
                    "server": null,
                    "serverName": null
                  },
                  "venafi": {
                    "cloud": {
                      "apiTokenSecretRef": {
                        "key": null,
                        "name": null
                      },
                      "url": null
                    },
                    "tpp": {
                      "caBundle": null,
                      "caBundleSecretRef": {
                        "key": null,
                        "name": null
                      },
                      "credentialsRef": {
                        "name": null
                      },
                      "url": null
                    },
                    "zone": null
                  }
                }
              },
              "type": [
                "object",
                {
                  "apiVersion": "string",
                  "kind": "string",
                  "metadata": [
                    "object",
                    {
                      "annotations": [
                        "map",
                        "string"
                      ],
                      "creationTimestamp": "string",
                      "deletionGracePeriodSeconds": "number",
                      "deletionTimestamp": "string",
                      "finalizers": [
                        "list",
                        "string"
                      ],
                      "generateName": "string",
                      "generation": "number",
                      "labels": [
                        "map",
                        "string"
                      ],
                      "managedFields": [
                        "tuple",
                        [
                          [
                            "object",
                            {
                              "apiVersion": "string",
                              "fieldsType": "string",
                              "fieldsV1": "dynamic",
                              "manager": "string",
                              "operation": "string",
                              "subresource": "string",
                              "time": "string"
                            }
                          ]
                        ]
                      ],
                      "name": "string",
                      "namespace": "string",
                      "ownerReferences": [
                        "list",
                        [
                          "object",
                          {
                            "apiVersion": "string",
                            "blockOwnerDeletion": "bool",
                            "controller": "bool",
                            "kind": "string",
                            "name": "string",
                            "uid": "string"
                          }
                        ]
                      ],
                      "resourceVersion": "string",
                      "selfLink": "string",
                      "uid": "string"
                    }
                  ],
                  "spec": [
                    "object",
                    {
                      "acme": [
                        "object",
                        {
                          "caBundle": "string",
                          "disableAccountKeyGeneration": "bool",
                          "email": "string",
                          "enableDurationFeature": "bool",
                          "externalAccountBinding": [
                            "object",
                            {
                              "keyAlgorithm": "string",
                              "keyID": "string",
                              "keySecretRef": [
                                "object",
                                {
                                  "key": "string",
                                  "name": "string"
                                }
                              ]
                            }
                          ],
                          "preferredChain": "string",
                          "privateKeySecretRef": [
                            "object",
                            {
                              "key": "string",
                              "name": "string"
                            }
                          ],
                          "profile": "string",
                          "server": "string",
                          "skipTLSVerify": "bool",
                          "solvers": [
                            "tuple",
                            [
                              [
                                "object",
                                {
                                  "dns01": [
                                    "object",
                                    {
                                      "acmeDNS": [
                                        "object",
                                        {
                                          "accountSecretRef": [
                                            "object",
                                            {
                                              "key": "string",
                                              "name": "string"
                                            }
                                          ],
                                          "host": "string"
                                        }
                                      ],
                                      "akamai": [
                                        "object",
                                        {
                                          "accessTokenSecretRef": [
                                            "object",
                                            {
                                              "key": "string",
                                              "name": "string"
                                            }
                                          ],
                                          "clientSecretSecretRef": [
                                            "object",
                                            {
                                              "key": "string",
                                              "name": "string"
                                            }
                                          ],
                                          "clientTokenSecretRef": [
                                            "object",
                                            {
                                              "key": "string",
                                              "name": "string"
                                            }
                                          ],
                                          "serviceConsumerDomain": "string"
                                        }
                                      ],
                                      "azureDNS": [
                                        "object",
                                        {
                                          "clientID": "string",
                                          "clientSecretSecretRef": [
                                            "object",
                                            {
                                              "key": "string",
                                              "name": "string"
                                            }
                                          ],
                                          "environment": "string",
                                          "hostedZoneName": "string",
                                          "managedIdentity": [
                                            "object",
                                            {
                                              "clientID": "string",
                                              "resourceID": "string",
                                              "tenantID": "string"
                                            }
                                          ],
                                          "resourceGroupName": "string",
                                          "subscriptionID": "string",
                                          "tenantID": "string"
                                        }
                                      ],
                                      "cloudDNS": [
                                        "object",
                                        {
                                          "hostedZoneName": "string",
                                          "project": "string",
                                          "serviceAccountSecretRef": [
                                            "object",
                                            {
                                              "key": "string",
                                              "name": "string"
                                            }
                                          ]
                                        }
                                      ],
                                      "cloudflare": [
                                        "object",
                                        {
                                          "apiKeySecretRef": [
                                            "object",
                                            {
                                              "key": "string",
                                              "name": "string"
                                            }
                                          ],
                                          "apiTokenSecretRef": [
                                            "object",
                                            {
                                              "key": "string",
                                              "name": "string"
                                            }
                                          ],
                                          "email": "string"
                                        }
                                      ],
                                      "cnameStrategy": "string",
                                      "digitalocean": [
                                        "object",
                                        {
                                          "tokenSecretRef": [
                                            "object",
                                            {
                                              "key": "string",
                                              "name": "string"
                                            }
                                          ]
                                        }
                                      ],
                                      "rfc2136": [
                                        "object",
                                        {
                                          "nameserver": "string",
                                          "protocol": "string",
                                          "tsigAlgorithm": "string",
                                          "tsigKeyName": "string",
                                          "tsigSecretSecretRef": [
                                            "object",
                                            {
                                              "key": "string",
                                              "name": "string"
                                            }
                                          ]
                                        }
                                      ],
                                      "route53": [
                                        "object",
                                        {
                                          "accessKeyID": "string",
                                          "accessKeyIDSecretRef": [
                                            "object",
                                            {
                                              "key": "string",
                                              "name": "string"
                                            }
                                          ],
                                          "auth": [
                                            "object",
                                            {
                                              "kubernetes": [
                                                "object",
                                                {
                                                  "serviceAccountRef": [
                                                    "object",
                                                    {
                                                      "audiences": [
                                                        "list",
                                                        "string"
                                                      ],
                                                      "name": "string"
                                                    }
                                                  ]
                                                }
                                              ]
                                            }
                                          ],
                                          "hostedZoneID": "string",
                                          "region": "string",
                                          "role": "string",
                                          "secretAccessKeySecretRef": [
                                            "object",
                                            {
                                              "key": "string",
                                              "name": "string"
                                            }
                                          ]
                                        }
                                      ],
                                      "webhook": [
                                        "object",
                                        {
                                          "config": "dynamic",
                                          "groupName": "string",
                                          "solverName": "string"
                                        }
                                      ]
                                    }
                                  ],
                                  "http01": [
                                    "object",
                                    {
                                      "gatewayHTTPRoute": [
                                        "object",
                                        {
                                          "labels": [
                                            "map",
                                            "string"
                                          ],
                                          "parentRefs": [
                                            "list",
                                            [
                                              "object",
                                              {
                                                "group": "string",
                                                "kind": "string",
                                                "name": "string",
                                                "namespace": "string",
                                                "port": "number",
                                                "sectionName": "string"
                                              }
                                            ]
                                          ],
                                          "podTemplate": [
                                            "object",
                                            {
                                              "metadata": [
                                                "object",
                                                {
                                                  "annotations": [
                                                    "map",
                                                    "string"
                                                  ],
                                                  "labels": [
                                                    "map",
                                                    "string"
                                                  ]
                                                }
                                              ],
                                              "spec": [
                                                "object",
                                                {
                                                  "affinity": [
                                                    "object",
                                                    {
                                                      "nodeAffinity": [
                                                        "object",
                                                        {
                                                          "preferredDuringSchedulingIgnoredDuringExecution": [
                                                            "list",
                                                            [
                                                              "object",
                                                              {
                                                                "preference": [
                                                                  "object",
                                                                  {
                                                                    "matchExpressions": [
                                                                      "list",
                                                                      [
                                                                        "object",
                                                                        {
                                                                          "key": "string",
                                                                          "operator": "string",
                                                                          "values": [
                                                                            "list",
                                                                            "string"
                                                                          ]
                                                                        }
                                                                      ]
                                                                    ],
                                                                    "matchFields": [
                                                                      "list",
                                                                      [
                                                                        "object",
                                                                        {
                                                                          "key": "string",
                                                                          "operator": "string",
                                                                          "values": [
                                                                            "list",
                                                                            "string"
                                                                          ]
                                                                        }
                                                                      ]
                                                                    ]
                                                                  }
                                                                ],
                                                                "weight": "number"
                                                              }
                                                            ]
                                                          ],
                                                          "requiredDuringSchedulingIgnoredDuringExecution": [
                                                            "object",
                                                            {
                                                              "nodeSelectorTerms": [
                                                                "list",
                                                                [
                                                                  "object",
                                                                  {
                                                                    "matchExpressions": [
                                                                      "list",
                                                                      [
                                                                        "object",
                                                                        {
                                                                          "key": "string",
                                                                          "operator": "string",
                                                                          "values": [
                                                                            "list",
                                                                            "string"
                                                                          ]
                                                                        }
                                                                      ]
                                                                    ],
                                                                    "matchFields": [
                                                                      "list",
                                                                      [
                                                                        "object",
                                                                        {
                                                                          "key": "string",
                                                                          "operator": "string",
                                                                          "values": [
                                                                            "list",
                                                                            "string"
                                                                          ]
                                                                        }
                                                                      ]
                                                                    ]
                                                                  }
                                                                ]
                                                              ]
                                                            }
                                                          ]
                                                        }
                                                      ],
                                                      "podAffinity": [
                                                        "object",
                                                        {
                                                          "preferredDuringSchedulingIgnoredDuringExecution": [
                                                            "list",
                                                            [
                                                              "object",
                                                              {
                                                                "podAffinityTerm": [
                                                                  "object",
                                                                  {
                                                                    "labelSelector": [
                                                                      "object",
                                                                      {
                                                                        "matchExpressions": [
                                                                          "list",
                                                                          [
                                                                            "object",
                                                                            {
                                                                              "key": "string",
                                                                              "operator": "string",
                                                                              "values": [
                                                                                "list",
                                                                                "string"
                                                                              ]
                                                                            }
                                                                          ]
                                                                        ],
                                                                        "matchLabels": [
                                                                          "map",
                                                                          "string"
                                                                        ]
                                                                      }
                                                                    ],
                                                                    "matchLabelKeys": [
                                                                      "list",
                                                                      "string"
                                                                    ],
                                                                    "mismatchLabelKeys": [
                                                                      "list",
                                                                      "string"
                                                                    ],
                                                                    "namespaceSelector": [
                                                                      "object",
                                                                      {
                                                                        "matchExpressions": [
                                                                          "list",
                                                                          [
                                                                            "object",
                                                                            {
                                                                              "key": "string",
                                                                              "operator": "string",
                                                                              "values": [
                                                                                "list",
                                                                                "string"
                                                                              ]
                                                                            }
                                                                          ]
                                                                        ],
                                                                        "matchLabels": [
                                                                          "map",
                                                                          "string"
                                                                        ]
                                                                      }
                                                                    ],
                                                                    "namespaces": [
                                                                      "list",
                                                                      "string"
                                                                    ],
                                                                    "topologyKey": "string"
                                                                  }
                                                                ],
                                                                "weight": "number"
                                                              }
                                                            ]
                                                          ],
                                                          "requiredDuringSchedulingIgnoredDuringExecution": [
                                                            "list",
                                                            [
                                                              "object",
                                                              {
                                                                "labelSelector": [
                                                                  "object",
                                                                  {
                                                                    "matchExpressions": [
                                                                      "list",
                                                                      [
                                                                        "object",
                                                                        {
                                                                          "key": "string",
                                                                          "operator": "string",
                                                                          "values": [
                                                                            "list",
                                                                            "string"
                                                                          ]
                                                                        }
                                                                      ]
                                                                    ],
                                                                    "matchLabels": [
                                                                      "map",
                                                                      "string"
                                                                    ]
                                                                  }
                                                                ],
                                                                "matchLabelKeys": [
                                                                  "list",
                                                                  "string"
                                                                ],
                                                                "mismatchLabelKeys": [
                                                                  "list",
                                                                  "string"
                                                                ],
                                                                "namespaceSelector": [
                                                                  "object",
                                                                  {
                                                                    "matchExpressions": [
                                                                      "list",
                                                                      [
                                                                        "object",
                                                                        {
                                                                          "key": "string",
                                                                          "operator": "string",
                                                                          "values": [
                                                                            "list",
                                                                            "string"
                                                                          ]
                                                                        }
                                                                      ]
                                                                    ],
                                                                    "matchLabels": [
                                                                      "map",
                                                                      "string"
                                                                    ]
                                                                  }
                                                                ],
                                                                "namespaces": [
                                                                  "list",
                                                                  "string"
                                                                ],
                                                                "topologyKey": "string"
                                                              }
                                                            ]
                                                          ]
                                                        }
                                                      ],
                                                      "podAntiAffinity": [
                                                        "object",
                                                        {
                                                          "preferredDuringSchedulingIgnoredDuringExecution": [
                                                            "list",
                                                            [
                                                              "object",
                                                              {
                                                                "podAffinityTerm": [
                                                                  "object",
                                                                  {
                                                                    "labelSelector": [
                                                                      "object",
                                                                      {
                                                                        "matchExpressions": [
                                                                          "list",
                                                                          [
                                                                            "object",
                                                                            {
                                                                              "key": "string",
                                                                              "operator": "string",
                                                                              "values": [
                                                                                "list",
                                                                                "string"
                                                                              ]
                                                                            }
                                                                          ]
                                                                        ],
                                                                        "matchLabels": [
                                                                          "map",
                                                                          "string"
                                                                        ]
                                                                      }
                                                                    ],
                                                                    "matchLabelKeys": [
                                                                      "list",
                                                                      "string"
                                                                    ],
                                                                    "mismatchLabelKeys": [
                                                                      "list",
                                                                      "string"
                                                                    ],
                                                                    "namespaceSelector": [
                                                                      "object",
                                                                      {
                                                                        "matchExpressions": [
                                                                          "list",
                                                                          [
                                                                            "object",
                                                                            {
                                                                              "key": "string",
                                                                              "operator": "string",
                                                                              "values": [
                                                                                "list",
                                                                                "string"
                                                                              ]
                                                                            }
                                                                          ]
                                                                        ],
                                                                        "matchLabels": [
                                                                          "map",
                                                                          "string"
                                                                        ]
                                                                      }
                                                                    ],
                                                                    "namespaces": [
                                                                      "list",
                                                                      "string"
                                                                    ],
                                                                    "topologyKey": "string"
                                                                  }
                                                                ],
                                                                "weight": "number"
                                                              }
                                                            ]
                                                          ],
                                                          "requiredDuringSchedulingIgnoredDuringExecution": [
                                                            "list",
                                                            [
                                                              "object",
                                                              {
                                                                "labelSelector": [
                                                                  "object",
                                                                  {
                                                                    "matchExpressions": [
                                                                      "list",
                                                                      [
                                                                        "object",
                                                                        {
                                                                          "key": "string",
                                                                          "operator": "string",
                                                                          "values": [
                                                                            "list",
                                                                            "string"
                                                                          ]
                                                                        }
                                                                      ]
                                                                    ],
                                                                    "matchLabels": [
                                                                      "map",
                                                                      "string"
                                                                    ]
                                                                  }
                                                                ],
                                                                "matchLabelKeys": [
                                                                  "list",
                                                                  "string"
                                                                ],
                                                                "mismatchLabelKeys": [
                                                                  "list",
                                                                  "string"
                                                                ],
                                                                "namespaceSelector": [
                                                                  "object",
                                                                  {
                                                                    "matchExpressions": [
                                                                      "list",
                                                                      [
                                                                        "object",
                                                                        {
                                                                          "key": "string",
                                                                          "operator": "string",
                                                                          "values": [
                                                                            "list",
                                                                            "string"
                                                                          ]
                                                                        }
                                                                      ]
                                                                    ],
                                                                    "matchLabels": [
                                                                      "map",
                                                                      "string"
                                                                    ]
                                                                  }
                                                                ],
                                                                "namespaces": [
                                                                  "list",
                                                                  "string"
                                                                ],
                                                                "topologyKey": "string"
                                                              }
                                                            ]
                                                          ]
                                                        }
                                                      ]
                                                    }
                                                  ],
                                                  "imagePullSecrets": [
                                                    "list",
                                                    [
                                                      "object",
                                                      {
                                                        "name": "string"
                                                      }
                                                    ]
                                                  ],
                                                  "nodeSelector": [
                                                    "map",
                                                    "string"
                                                  ],
                                                  "priorityClassName": "string",
                                                  "resources": [
                                                    "object",
                                                    {
                                                      "limits": [
                                                        "map",
                                                        "string"
                                                      ],
                                                      "requests": [
                                                        "map",
                                                        "string"
                                                      ]
                                                    }
                                                  ],
                                                  "securityContext": [
                                                    "object",
                                                    {
                                                      "fsGroup": "number",
                                                      "fsGroupChangePolicy": "string",
                                                      "runAsGroup": "number",
                                                      "runAsNonRoot": "bool",
                                                      "runAsUser": "number",
                                                      "seLinuxOptions": [
                                                        "object",
                                                        {
                                                          "level": "string",
                                                          "role": "string",
                                                          "type": "string",
                                                          "user": "string"
                                                        }
                                                      ],
                                                      "seccompProfile": [
                                                        "object",
                                                        {
                                                          "localhostProfile": "string",
                                                          "type": "string"
                                                        }
                                                      ],
                                                      "supplementalGroups": [
                                                        "list",
                                                        "number"
                                                      ],
                                                      "sysctls": [
                                                        "list",
                                                        [
                                                          "object",
                                                          {
                                                            "name": "string",
                                                            "value": "string"
                                                          }
                                                        ]
                                                      ]
                                                    }
                                                  ],
                                                  "serviceAccountName": "string",
                                                  "tolerations": [
                                                    "list",
                                                    [
                                                      "object",
                                                      {
                                                        "effect": "string",
                                                        "key": "string",
                                                        "operator": "string",
                                                        "tolerationSeconds": "number",
                                                        "value": "string"
                                                      }
                                                    ]
                                                  ]
                                                }
                                              ]
                                            }
                                          ],
                                          "serviceType": "string"
                                        }
                                      ],
                                      "ingress": [
                                        "object",
                                        {
                                          "class": "string",
                                          "ingressClassName": "string",
                                          "ingressTemplate": [
                                            "object",
                                            {
                                              "metadata": [
                                                "object",
                                                {
                                                  "annotations": [
                                                    "map",
                                                    "string"
                                                  ],
                                                  "labels": [
                                                    "map",
                                                    "string"
                                                  ]
                                                }
                                              ]
                                            }
                                          ],
                                          "name": "string",
                                          "podTemplate": [
                                            "object",
                                            {
                                              "metadata": [
                                                "object",
                                                {
                                                  "annotations": [
                                                    "map",
                                                    "string"
                                                  ],
                                                  "labels": [
                                                    "map",
                                                    "string"
                                                  ]
                                                }
                                              ],
                                              "spec": [
                                                "object",
                                                {
                                                  "affinity": [
                                                    "object",
                                                    {
                                                      "nodeAffinity": [
                                                        "object",
                                                        {
                                                          "preferredDuringSchedulingIgnoredDuringExecution": [
                                                            "list",
                                                            [
                                                              "object",
                                                              {
                                                                "preference": [
                                                                  "object",
                                                                  {
                                                                    "matchExpressions": [
                                                                      "list",
                                                                      [
                                                                        "object",
                                                                        {
                                                                          "key": "string",
                                                                          "operator": "string",
                                                                          "values": [
                                                                            "list",
                                                                            "string"
                                                                          ]
                                                                        }
                                                                      ]
                                                                    ],
                                                                    "matchFields": [
                                                                      "list",
                                                                      [
                                                                        "object",
                                                                        {
                                                                          "key": "string",
                                                                          "operator": "string",
                                                                          "values": [
                                                                            "list",
                                                                            "string"
                                                                          ]
                                                                        }
                                                                      ]
                                                                    ]
                                                                  }
                                                                ],
                                                                "weight": "number"
                                                              }
                                                            ]
                                                          ],
                                                          "requiredDuringSchedulingIgnoredDuringExecution": [
                                                            "object",
                                                            {
                                                              "nodeSelectorTerms": [
                                                                "list",
                                                                [
                                                                  "object",
                                                                  {
                                                                    "matchExpressions": [
                                                                      "list",
                                                                      [
                                                                        "object",
                                                                        {
                                                                          "key": "string",
                                                                          "operator": "string",
                                                                          "values": [
                                                                            "list",
                                                                            "string"
                                                                          ]
                                                                        }
                                                                      ]
                                                                    ],
                                                                    "matchFields": [
                                                                      "list",
                                                                      [
                                                                        "object",
                                                                        {
                                                                          "key": "string",
                                                                          "operator": "string",
                                                                          "values": [
                                                                            "list",
                                                                            "string"
                                                                          ]
                                                                        }
                                                                      ]
                                                                    ]
                                                                  }
                                                                ]
                                                              ]
                                                            }
                                                          ]
                                                        }
                                                      ],
                                                      "podAffinity": [
                                                        "object",
                                                        {
                                                          "preferredDuringSchedulingIgnoredDuringExecution": [
                                                            "list",
                                                            [
                                                              "object",
                                                              {
                                                                "podAffinityTerm": [
                                                                  "object",
                                                                  {
                                                                    "labelSelector": [
                                                                      "object",
                                                                      {
                                                                        "matchExpressions": [
                                                                          "list",
                                                                          [
                                                                            "object",
                                                                            {
                                                                              "key": "string",
                                                                              "operator": "string",
                                                                              "values": [
                                                                                "list",
                                                                                "string"
                                                                              ]
                                                                            }
                                                                          ]
                                                                        ],
                                                                        "matchLabels": [
                                                                          "map",
                                                                          "string"
                                                                        ]
                                                                      }
                                                                    ],
                                                                    "matchLabelKeys": [
                                                                      "list",
                                                                      "string"
                                                                    ],
                                                                    "mismatchLabelKeys": [
                                                                      "list",
                                                                      "string"
                                                                    ],
                                                                    "namespaceSelector": [
                                                                      "object",
                                                                      {
                                                                        "matchExpressions": [
                                                                          "list",
                                                                          [
                                                                            "object",
                                                                            {
                                                                              "key": "string",
                                                                              "operator": "string",
                                                                              "values": [
                                                                                "list",
                                                                                "string"
                                                                              ]
                                                                            }
                                                                          ]
                                                                        ],
                                                                        "matchLabels": [
                                                                          "map",
                                                                          "string"
                                                                        ]
                                                                      }
                                                                    ],
                                                                    "namespaces": [
                                                                      "list",
                                                                      "string"
                                                                    ],
                                                                    "topologyKey": "string"
                                                                  }
                                                                ],
                                                                "weight": "number"
                                                              }
                                                            ]
                                                          ],
                                                          "requiredDuringSchedulingIgnoredDuringExecution": [
                                                            "list",
                                                            [
                                                              "object",
                                                              {
                                                                "labelSelector": [
                                                                  "object",
                                                                  {
                                                                    "matchExpressions": [
                                                                      "list",
                                                                      [
                                                                        "object",
                                                                        {
                                                                          "key": "string",
                                                                          "operator": "string",
                                                                          "values": [
                                                                            "list",
                                                                            "string"
                                                                          ]
                                                                        }
                                                                      ]
                                                                    ],
                                                                    "matchLabels": [
                                                                      "map",
                                                                      "string"
                                                                    ]
                                                                  }
                                                                ],
                                                                "matchLabelKeys": [
                                                                  "list",
                                                                  "string"
                                                                ],
                                                                "mismatchLabelKeys": [
                                                                  "list",
                                                                  "string"
                                                                ],
                                                                "namespaceSelector": [
                                                                  "object",
                                                                  {
                                                                    "matchExpressions": [
                                                                      "list",
                                                                      [
                                                                        "object",
                                                                        {
                                                                          "key": "string",
                                                                          "operator": "string",
                                                                          "values": [
                                                                            "list",
                                                                            "string"
                                                                          ]
                                                                        }
                                                                      ]
                                                                    ],
                                                                    "matchLabels": [
                                                                      "map",
                                                                      "string"
                                                                    ]
                                                                  }
                                                                ],
                                                                "namespaces": [
                                                                  "list",
                                                                  "string"
                                                                ],
                                                                "topologyKey": "string"
                                                              }
                                                            ]
                                                          ]
                                                        }
                                                      ],
                                                      "podAntiAffinity": [
                                                        "object",
                                                        {
                                                          "preferredDuringSchedulingIgnoredDuringExecution": [
                                                            "list",
                                                            [
                                                              "object",
                                                              {
                                                                "podAffinityTerm": [
                                                                  "object",
                                                                  {
                                                                    "labelSelector": [
                                                                      "object",
                                                                      {
                                                                        "matchExpressions": [
                                                                          "list",
                                                                          [
                                                                            "object",
                                                                            {
                                                                              "key": "string",
                                                                              "operator": "string",
                                                                              "values": [
                                                                                "list",
                                                                                "string"
                                                                              ]
                                                                            }
                                                                          ]
                                                                        ],
                                                                        "matchLabels": [
                                                                          "map",
                                                                          "string"
                                                                        ]
                                                                      }
                                                                    ],
                                                                    "matchLabelKeys": [
                                                                      "list",
                                                                      "string"
                                                                    ],
                                                                    "mismatchLabelKeys": [
                                                                      "list",
                                                                      "string"
                                                                    ],
                                                                    "namespaceSelector": [
                                                                      "object",
                                                                      {
                                                                        "matchExpressions": [
                                                                          "list",
                                                                          [
                                                                            "object",
                                                                            {
                                                                              "key": "string",
                                                                              "operator": "string",
                                                                              "values": [
                                                                                "list",
                                                                                "string"
                                                                              ]
                                                                            }
                                                                          ]
                                                                        ],
                                                                        "matchLabels": [
                                                                          "map",
                                                                          "string"
                                                                        ]
                                                                      }
                                                                    ],
                                                                    "namespaces": [
                                                                      "list",
                                                                      "string"
                                                                    ],
                                                                    "topologyKey": "string"
                                                                  }
                                                                ],
                                                                "weight": "number"
                                                              }
                                                            ]
                                                          ],
                                                          "requiredDuringSchedulingIgnoredDuringExecution": [
                                                            "list",
                                                            [
                                                              "object",
                                                              {
                                                                "labelSelector": [
                                                                  "object",
                                                                  {
                                                                    "matchExpressions": [
                                                                      "list",
                                                                      [
                                                                        "object",
                                                                        {
                                                                          "key": "string",
                                                                          "operator": "string",
                                                                          "values": [
                                                                            "list",
                                                                            "string"
                                                                          ]
                                                                        }
                                                                      ]
                                                                    ],
                                                                    "matchLabels": [
                                                                      "map",
                                                                      "string"
                                                                    ]
                                                                  }
                                                                ],
                                                                "matchLabelKeys": [
                                                                  "list",
                                                                  "string"
                                                                ],
                                                                "mismatchLabelKeys": [
                                                                  "list",
                                                                  "string"
                                                                ],
                                                                "namespaceSelector": [
                                                                  "object",
                                                                  {
                                                                    "matchExpressions": [
                                                                      "list",
                                                                      [
                                                                        "object",
                                                                        {
                                                                          "key": "string",
                                                                          "operator": "string",
                                                                          "values": [
                                                                            "list",
                                                                            "string"
                                                                          ]
                                                                        }
                                                                      ]
                                                                    ],
                                                                    "matchLabels": [
                                                                      "map",
                                                                      "string"
                                                                    ]
                                                                  }
                                                                ],
                                                                "namespaces": [
                                                                  "list",
                                                                  "string"
                                                                ],
                                                                "topologyKey": "string"
                                                              }
                                                            ]
                                                          ]
                                                        }
                                                      ]
                                                    }
                                                  ],
                                                  "imagePullSecrets": [
                                                    "list",
                                                    [
                                                      "object",
                                                      {
                                                        "name": "string"
                                                      }
                                                    ]
                                                  ],
                                                  "nodeSelector": [
                                                    "map",
                                                    "string"
                                                  ],
                                                  "priorityClassName": "string",
                                                  "resources": [
                                                    "object",
                                                    {
                                                      "limits": [
                                                        "map",
                                                        "string"
                                                      ],
                                                      "requests": [
                                                        "map",
                                                        "string"
                                                      ]
                                                    }
                                                  ],
                                                  "securityContext": [
                                                    "object",
                                                    {
                                                      "fsGroup": "number",
                                                      "fsGroupChangePolicy": "string",
                                                      "runAsGroup": "number",
                                                      "runAsNonRoot": "bool",
                                                      "runAsUser": "number",
                                                      "seLinuxOptions": [
                                                        "object",
                                                        {
                                                          "level": "string",
                                                          "role": "string",
                                                          "type": "string",
                                                          "user": "string"
                                                        }
                                                      ],
                                                      "seccompProfile": [
                                                        "object",
                                                        {
                                                          "localhostProfile": "string",
                                                          "type": "string"
                                                        }
                                                      ],
                                                      "supplementalGroups": [
                                                        "list",
                                                        "number"
                                                      ],
                                                      "sysctls": [
                                                        "list",
                                                        [
                                                          "object",
                                                          {
                                                            "name": "string",
                                                            "value": "string"
                                                          }
                                                        ]
                                                      ]
                                                    }
                                                  ],
                                                  "serviceAccountName": "string",
                                                  "tolerations": [
                                                    "list",
                                                    [
                                                      "object",
                                                      {
                                                        "effect": "string",
                                                        "key": "string",
                                                        "operator": "string",
                                                        "tolerationSeconds": "number",
                                                        "value": "string"
                                                      }
                                                    ]
                                                  ]
                                                }
                                              ]
                                            }
                                          ],
                                          "serviceType": "string"
                                        }
                                      ]
                                    }
                                  ],
                                  "selector": [
                                    "object",
                                    {
                                      "dnsNames": [
                                        "list",
                                        "string"
                                      ],
                                      "dnsZones": [
                                        "list",
                                        "string"
                                      ],
                                      "matchLabels": [
                                        "map",
                                        "string"
                                      ]
                                    }
                                  ]
                                }
                              ]
                            ]
                          ]
                        }
                      ],
                      "ca": [
                        "object",
                        {
                          "crlDistributionPoints": [
                            "list",
                            "string"
                          ],
                          "issuingCertificateURLs": [
                            "list",
                            "string"
                          ],
                          "ocspServers": [
                            "list",
                            "string"
                          ],
                          "secretName": "string"
                        }
                      ],
                      "selfSigned": [
                        "object",
                        {
                          "crlDistributionPoints": [
                            "list",
                            "string"
                          ]
                        }
                      ],
                      "vault": [
                        "object",
                        {
                          "auth": [
                            "object",
                            {
                              "appRole": [
                                "object",
                                {
                                  "path": "string",
                                  "roleId": "string",
                                  "secretRef": [
                                    "object",
                                    {
                                      "key": "string",
                                      "name": "string"
                                    }
                                  ]
                                }
                              ],
                              "clientCertificate": [
                                "object",
                                {
                                  "mountPath": "string",
                                  "name": "string",
                                  "secretName": "string"
                                }
                              ],
                              "kubernetes": [
                                "object",
                                {
                                  "mountPath": "string",
                                  "role": "string",
                                  "secretRef": [
                                    "object",
                                    {
                                      "key": "string",
                                      "name": "string"
                                    }
                                  ],
                                  "serviceAccountRef": [
                                    "object",
                                    {
                                      "audiences": [
                                        "list",
                                        "string"
                                      ],
                                      "name": "string"
                                    }
                                  ]
                                }
                              ],
                              "tokenSecretRef": [
                                "object",
                                {
                                  "key": "string",
                                  "name": "string"
                                }
                              ]
                            }
                          ],
                          "caBundle": "string",
                          "caBundleSecretRef": [
                            "object",
                            {
                              "key": "string",
                              "name": "string"
                            }
                          ],
                          "clientCertSecretRef": [
                            "object",
                            {
                              "key": "string",
                              "name": "string"
                            }
                          ],
                          "clientKeySecretRef": [
                            "object",
                            {
                              "key": "string",
                              "name": "string"
                            }
                          ],
                          "namespace": "string",
                          "path": "string",
                          "server": "string",
                          "serverName": "string"
                        }
                      ],
                      "venafi": [
                        "object",
                        {
                          "cloud": [
                            "object",
                            {
                              "apiTokenSecretRef": [
                                "object",
                                {
                                  "key": "string",
                                  "name": "string"
                                }
                              ],
                              "url": "string"
                            }
                          ],
                          "tpp": [
                            "object",
                            {
                              "caBundle": "string",
                              "caBundleSecretRef": [
                                "object",
                                {
                                  "key": "string",
                                  "name": "string"
                                }
                              ],
                              "credentialsRef": [
                                "object",
                                {
                                  "name": "string"
                                }
                              ],
                              "url": "string"
                            }
                          ],
                          "zone": "string"
                        }
                      ]
                    }
                  ]
                }
              ]
            },
            "timeouts": [],
            "wait": [],
            "wait_for": null
          },
          "sensitive_attributes": [],
          "identity_schema_version": 1,
          "identity": {
            "api_version": "cert-manager.io/v1",
            "kind": "ClusterIssuer",
            "name": "letsencrypt-staging",
            "namespace": ""
          },
          "dependencies": [
            "azurerm_kubernetes_cluster.aks",
            "azurerm_resource_group.rg",
            "helm_release.cert_manager"
          ]
        }
      ]
    }
  ],
  "check_results": null
}
