{
  "version": 4,
  "terraform_version": "1.12.2",
  "serial": 15,
  "lineage": "ee71fd73-65d1-795f-c15b-7efba337c8cf",
  "outputs": {
    "aks_cluster_name": {
      "value": "aks-team4",
      "type": "string"
    },
    "ingress_service_ip": {
      "value": "4.251.152.6",
      "type": "string"
    }
  },
  "resources": [
    {
      "mode": "data",
      "type": "kubernetes_service",
      "name": "nginx_lb",
      "provider": "provider[\"registry.terraform.io/hashicorp/kubernetes\"]",
      "instances": [
        {
          "schema_version": 0,
          "attributes": {
            "id": "ingress-nginx/ingress-nginx-controller",
            "metadata": [
              {
                "annotations": {
                  "meta.helm.sh/release-name": "ingress-nginx",
                  "meta.helm.sh/release-namespace": "ingress-nginx"
                },
                "generation": 0,
                "labels": {
                  "app.kubernetes.io/component": "controller",
                  "app.kubernetes.io/instance": "ingress-nginx",
                  "app.kubernetes.io/managed-by": "Helm",
                  "app.kubernetes.io/name": "ingress-nginx",
                  "app.kubernetes.io/part-of": "ingress-nginx",
                  "app.kubernetes.io/version": "1.14.0",
                  "helm.sh/chart": "ingress-nginx-4.14.0"
                },
                "name": "ingress-nginx-controller",
                "namespace": "ingress-nginx",
                "resource_version": "20999",
                "uid": "c762a381-29ff-4faf-8721-21a0ab5c34ae"
              }
            ],
            "spec": [
              {
                "allocate_load_balancer_node_ports": true,
                "cluster_ip": "10.0.161.189",
                "cluster_ips": [
                  "10.0.161.189"
                ],
                "external_ips": [],
                "external_name": "",
                "external_traffic_policy": "Cluster",
                "health_check_node_port": 0,
                "internal_traffic_policy": "Cluster",
                "ip_families": [
                  "IPv4"
                ],
                "ip_family_policy": "SingleStack",
                "load_balancer_class": "",
                "load_balancer_ip": "",
                "load_balancer_source_ranges": [],
                "port": [
                  {
                    "app_protocol": "http",
                    "name": "http",
                    "node_port": 32529,
                    "port": 80,
                    "protocol": "TCP",
                    "target_port": "http"
                  },
                  {
                    "app_protocol": "https",
                    "name": "https",
                    "node_port": 32187,
                    "port": 443,
                    "protocol": "TCP",
                    "target_port": "https"
                  }
                ],
                "publish_not_ready_addresses": false,
                "selector": {
                  "app.kubernetes.io/component": "controller",
                  "app.kubernetes.io/instance": "ingress-nginx",
                  "app.kubernetes.io/name": "ingress-nginx"
                },
                "session_affinity": "None",
                "session_affinity_config": [],
                "type": "LoadBalancer"
              }
            ],
            "status": [
              {
                "load_balancer": [
                  {
                    "ingress": [
                      {
                        "hostname": "",
                        "ip": "4.251.152.6"
                      }
                    ]
                  }
                ]
              }
            ]
          },
          "sensitive_attributes": [],
          "identity_schema_version": 0
        }
      ]
    },
    {
      "mode": "managed",
      "type": "helm_release",
      "name": "cert_manager",
      "provider": "provider[\"registry.terraform.io/hashicorp/helm\"]",
      "instances": [
        {
          "schema_version": 1,
          "attributes": {
            "atomic": false,
            "chart": "cert-manager",
            "cleanup_on_fail": false,
            "create_namespace": true,
            "dependency_update": false,
            "description": null,
            "devel": null,
            "disable_crd_hooks": false,
            "disable_openapi_validation": false,
            "disable_webhooks": false,
            "force_update": false,
            "id": "cert-manager",
            "keyring": null,
            "lint": false,
            "manifest": null,
            "max_history": 0,
            "metadata": [
              {
                "app_version": "v1.19.1",
                "chart": "cert-manager",
                "first_deployed": 1763336427,
                "last_deployed": 1763336427,
                "name": "cert-manager",
                "namespace": "cert-manager",
                "notes": "\n⚠️  WARNING: `installCRDs` is deprecated, use `crds.enabled` instead.\n⚠️  WARNING: New default private key rotation policy for Certificate resources.\nThe default private key rotation policy for Certificate resources was\nchanged to `Always` in cert-manager \u003e= v1.18.0.\nLearn more in the [1.18 release notes](https://cert-manager.io/docs/releases/release-notes/release-notes-1.18).\n\ncert-manager v1.19.1 has been deployed successfully!\n\nIn order to begin issuing certificates, you will need to set up a ClusterIssuer\nor Issuer resource (for example, by creating a 'letsencrypt-staging' issuer).\n\nMore information on the different types of issuers and how to configure them\ncan be found in our documentation:\n\nhttps://cert-manager.io/docs/configuration/\n\nFor information on how to configure cert-manager to automatically provision\nCertificates for Ingress resources, take a look at the `ingress-shim`\ndocumentation:\n\nhttps://cert-manager.io/docs/usage/ingress/\n",
                "revision": 1,
                "values": "{\"installCRDs\":true}",
                "version": "v1.19.1"
              }
            ],
            "name": "cert-manager",
            "namespace": "cert-manager",
            "pass_credentials": false,
            "postrender": [],
            "recreate_pods": false,
            "render_subchart_notes": true,
            "replace": false,
            "repository": "https://charts.jetstack.io",
            "repository_ca_file": null,
            "repository_cert_file": null,
            "repository_key_file": null,
            "repository_password": null,
            "repository_username": null,
            "reset_values": false,
            "reuse_values": false,
            "set": [
              {
                "name": "installCRDs",
                "type": "",
                "value": "true"
              }
            ],
            "set_list": [],
            "set_sensitive": [],
            "skip_crds": false,
            "status": "deployed",
            "timeout": 300,
            "upgrade_install": null,
            "values": null,
            "verify": false,
            "version": "v1.19.1",
            "wait": true,
            "wait_for_jobs": false
          },
          "sensitive_attributes": [
            [
              {
                "type": "get_attr",
                "value": "repository_password"
              }
            ]
          ],
          "identity_schema_version": 0,
          "private": "eyJzY2hlbWFfdmVyc2lvbiI6IjEifQ==",
          "dependencies": [
            "azurerm_kubernetes_cluster.aks",
            "azurerm_resource_group.rg"
          ]
        }
      ]
    },
    {
      "mode": "managed",
      "type": "helm_release",
      "name": "ingress_nginx",
      "provider": "provider[\"registry.terraform.io/hashicorp/helm\"]",
      "instances": [
        {
          "schema_version": 1,
          "attributes": {
            "atomic": false,
            "chart": "ingress-nginx",
            "cleanup_on_fail": false,
            "create_namespace": true,
            "dependency_update": false,
            "description": null,
            "devel": null,
            "disable_crd_hooks": false,
            "disable_openapi_validation": false,
            "disable_webhooks": false,
            "force_update": false,
            "id": "ingress-nginx",
            "keyring": null,
            "lint": false,
            "manifest": null,
            "max_history": 0,
            "metadata": [
              {
                "app_version": "1.14.0",
                "chart": "ingress-nginx",
                "first_deployed": 1763336425,
                "last_deployed": 1763340457,
                "name": "ingress-nginx",
                "namespace": "ingress-nginx",
                "notes": "The ingress-nginx controller has been installed.\nIt may take a few minutes for the load balancer IP to be available.\nYou can watch the status by running 'kubectl get service --namespace ingress-nginx ingress-nginx-controller --output wide --watch'\n\nAn example Ingress that makes use of the controller:\n  apiVersion: networking.k8s.io/v1\n  kind: Ingress\n  metadata:\n    name: example\n    namespace: foo\n  spec:\n    ingressClassName: nginx\n    rules:\n      - host: www.example.com\n        http:\n          paths:\n            - pathType: Prefix\n              backend:\n                service:\n                  name: exampleService\n                  port:\n                    number: 80\n              path: /\n    # This section is only required if TLS is to be enabled for the Ingress\n    tls:\n      - hosts:\n        - www.example.com\n        secretName: example-tls\n\nIf TLS is enabled for the Ingress, a Secret containing the certificate and key must also be provided:\n\n  apiVersion: v1\n  kind: Secret\n  metadata:\n    name: example-tls\n    namespace: foo\n  data:\n    tls.crt: \u003cbase64 encoded cert\u003e\n    tls.key: \u003cbase64 encoded key\u003e\n  type: kubernetes.io/tls\n",
                "revision": 2,
                "values": "{\"controller\":{\"service\":{\"ports\":{\"http\":80,\"https\":443},\"type\":\"LoadBalancer\"}}}",
                "version": "4.14.0"
              }
            ],
            "name": "ingress-nginx",
            "namespace": "ingress-nginx",
            "pass_credentials": false,
            "postrender": [],
            "recreate_pods": false,
            "render_subchart_notes": true,
            "replace": false,
            "repository": "https://kubernetes.github.io/ingress-nginx",
            "repository_ca_file": null,
            "repository_cert_file": null,
            "repository_key_file": null,
            "repository_password": null,
            "repository_username": null,
            "reset_values": false,
            "reuse_values": false,
            "set": [
              {
                "name": "controller.service.ports.http",
                "type": "",
                "value": "80"
              },
              {
                "name": "controller.service.ports.https",
                "type": "",
                "value": "443"
              },
              {
                "name": "controller.service.type",
                "type": "",
                "value": "LoadBalancer"
              }
            ],
            "set_list": [],
            "set_sensitive": [],
            "skip_crds": false,
            "status": "deployed",
            "timeout": 300,
            "upgrade_install": null,
            "values": null,
            "verify": false,
            "version": "4.14.0",
            "wait": true,
            "wait_for_jobs": false
          },
          "sensitive_attributes": [
            [
              {
                "type": "get_attr",
                "value": "repository_password"
              }
            ]
          ],
          "identity_schema_version": 0,
          "private": "eyJzY2hlbWFfdmVyc2lvbiI6IjEifQ==",
          "dependencies": [
            "azurerm_kubernetes_cluster.aks",
            "azurerm_resource_group.rg"
          ]
        }
      ]
    }
  ],
  "check_results": null
}
